// !$*UTF8*$!
{
	archiveVersion = 1;
	classes = {
	};
	objectVersion = 46;
	objects = {

/* Begin PBXBuildFile section */
		0B288A6F19B9C80B00F62B63 /* SchDropDown.m in Sources */ = {isa = PBXBuildFile; fileRef = 0B288A6C19B9C80B00F62B63 /* SchDropDown.m */; };
		0B288A7019B9C80B00F62B63 /* SchPDFView.m in Sources */ = {isa = PBXBuildFile; fileRef = 0B288A6E19B9C80B00F62B63 /* SchPDFView.m */; };
		0B288A7219B9C81300F62B63 /* BusinessReview.html in Resources */ = {isa = PBXBuildFile; fileRef = 0B288A7119B9C81200F62B63 /* BusinessReview.html */; };
		0B288A7719B9C83600F62B63 /* BusinessReviewReportControllerViewController.m in Sources */ = {isa = PBXBuildFile; fileRef = 0B288A7419B9C83600F62B63 /* BusinessReviewReportControllerViewController.m */; };
		0B288A7819B9C83600F62B63 /* Report.m in Sources */ = {isa = PBXBuildFile; fileRef = 0B288A7619B9C83600F62B63 /* Report.m */; };
		0B288A8119B9E73300F62B63 /* Sync.m in Sources */ = {isa = PBXBuildFile; fileRef = 0B288A8019B9E73300F62B63 /* Sync.m */; };
		0B288A8419B9EFBF00F62B63 /* Image.m in Sources */ = {isa = PBXBuildFile; fileRef = 0B288A8319B9EFBF00F62B63 /* Image.m */; };
		0B288A8A19B9EFBF00F62B63 /* Colour.m in Sources */ = {isa = PBXBuildFile; fileRef = 0B288A8919B9EFBF00F62B63 /* Colour.m */; };
		0B288A9019B9EFBF00F62B63 /* Material.m in Sources */ = {isa = PBXBuildFile; fileRef = 0B288A8F19B9EFBF00F62B63 /* Material.m */; };
		0B288A9319B9EFBF00F62B63 /* Supplier.m in Sources */ = {isa = PBXBuildFile; fileRef = 0B288A9219B9EFBF00F62B63 /* Supplier.m */; };
		0B288AA219B9F74700F62B63 /* SyncStatus.m in Sources */ = {isa = PBXBuildFile; fileRef = 0B288AA119B9F74700F62B63 /* SyncStatus.m */; };
		0B288ABD19BDF06500F62B63 /* Brand.m in Sources */ = {isa = PBXBuildFile; fileRef = 0B288ABC19BDF06500F62B63 /* Brand.m */; };
		0B288AC019BE031400F62B63 /* Reachability.m in Sources */ = {isa = PBXBuildFile; fileRef = 0B288ABF19BE031400F62B63 /* Reachability.m */; };
		0B288AC219BE032C00F62B63 /* SystemConfiguration.framework in Frameworks */ = {isa = PBXBuildFile; fileRef = 0B288AC119BE032C00F62B63 /* SystemConfiguration.framework */; };
		0B288AC419BEEE7700F62B63 /* homeSyncGreen2.png in Resources */ = {isa = PBXBuildFile; fileRef = 0B288AC319BEEE7700F62B63 /* homeSyncGreen2.png */; };
		0B523EAF19DD5EC10079EB25 /* Merch.m in Sources */ = {isa = PBXBuildFile; fileRef = 0B523EAE19DD5EC10079EB25 /* Merch.m */; };
		0B523EB219DD5EC20079EB25 /* Department.m in Sources */ = {isa = PBXBuildFile; fileRef = 0B523EB119DD5EC20079EB25 /* Department.m */; };
		0B523EB519DEB32A0079EB25 /* BaseNavigationController.m in Sources */ = {isa = PBXBuildFile; fileRef = 0B523EB419DEB32A0079EB25 /* BaseNavigationController.m */; };
		0B523EBB19E280FA0079EB25 /* ReportFilterSet.m in Sources */ = {isa = PBXBuildFile; fileRef = 0B523EBA19E280FA0079EB25 /* ReportFilterSet.m */; };
		0B52FC8B19E56E0C00D1D747 /* ReportData.m in Sources */ = {isa = PBXBuildFile; fileRef = 0B52FC8A19E56E0C00D1D747 /* ReportData.m */; };
		0B7630961998DDEC00949155 /* CustomHomeViewController.m in Sources */ = {isa = PBXBuildFile; fileRef = 0B7630951998DDEC00949155 /* CustomHomeViewController.m */; };
		0B7630991998DE0100949155 /* SettingsHomeViewController.m in Sources */ = {isa = PBXBuildFile; fileRef = 0B7630981998DE0100949155 /* SettingsHomeViewController.m */; };
		0B76309C199A31F700949155 /* SchTextField.m in Sources */ = {isa = PBXBuildFile; fileRef = 0B76309B199A31F700949155 /* SchTextField.m */; };
		0B76309F199CB7D200949155 /* leftArrowButtonBG.png in Resources */ = {isa = PBXBuildFile; fileRef = 0B76309D199CB7D200949155 /* leftArrowButtonBG.png */; };
		0B7630A0199CB7D200949155 /* rightArrowButtonBG.png in Resources */ = {isa = PBXBuildFile; fileRef = 0B76309E199CB7D200949155 /* rightArrowButtonBG.png */; };
		0B7630A3199E0BCD00949155 /* OrderVsIntakeReportViewController.m in Sources */ = {isa = PBXBuildFile; fileRef = 0B7630A2199E0BCD00949155 /* OrderVsIntakeReportViewController.m */; };
		0B7630A619A2121700949155 /* ReportViewController.m in Sources */ = {isa = PBXBuildFile; fileRef = 0B7630A519A2121700949155 /* ReportViewController.m */; };
		0B7630A919A247DF00949155 /* OrderVsIntake.html in Resources */ = {isa = PBXBuildFile; fileRef = 0B7630A819A247DF00949155 /* OrderVsIntake.html */; };
		0B92CDC119D046A6007B7FDB /* CalYearWeek.m in Sources */ = {isa = PBXBuildFile; fileRef = 0B92CDC019D046A6007B7FDB /* CalYearWeek.m */; };
		0B92CDCA19D1C569007B7FDB /* ReportOrderVsIntake.m in Sources */ = {isa = PBXBuildFile; fileRef = 0B92CDC919D1C569007B7FDB /* ReportOrderVsIntake.m */; };
		0B970B32199376C9006D0358 /* c1.png in Resources */ = {isa = PBXBuildFile; fileRef = 0B970AF3199376C9006D0358 /* c1.png */; };
		0B970B33199376C9006D0358 /* c10.png in Resources */ = {isa = PBXBuildFile; fileRef = 0B970AF4199376C9006D0358 /* c10.png */; };
		0B970B34199376C9006D0358 /* c11.png in Resources */ = {isa = PBXBuildFile; fileRef = 0B970AF5199376C9006D0358 /* c11.png */; };
		0B970B35199376C9006D0358 /* c12.png in Resources */ = {isa = PBXBuildFile; fileRef = 0B970AF6199376C9006D0358 /* c12.png */; };
		0B970B36199376C9006D0358 /* c13.png in Resources */ = {isa = PBXBuildFile; fileRef = 0B970AF7199376C9006D0358 /* c13.png */; };
		0B970B37199376C9006D0358 /* c2.png in Resources */ = {isa = PBXBuildFile; fileRef = 0B970AF8199376C9006D0358 /* c2.png */; };
		0B970B38199376C9006D0358 /* c3.png in Resources */ = {isa = PBXBuildFile; fileRef = 0B970AF9199376C9006D0358 /* c3.png */; };
		0B970B39199376C9006D0358 /* c4.png in Resources */ = {isa = PBXBuildFile; fileRef = 0B970AFA199376C9006D0358 /* c4.png */; };
		0B970B3A199376C9006D0358 /* c5.png in Resources */ = {isa = PBXBuildFile; fileRef = 0B970AFB199376C9006D0358 /* c5.png */; };
		0B970B3B199376C9006D0358 /* c6.png in Resources */ = {isa = PBXBuildFile; fileRef = 0B970AFC199376C9006D0358 /* c6.png */; };
		0B970B3C199376C9006D0358 /* c7.png in Resources */ = {isa = PBXBuildFile; fileRef = 0B970AFD199376C9006D0358 /* c7.png */; };
		0B970B3D199376C9006D0358 /* c8.png in Resources */ = {isa = PBXBuildFile; fileRef = 0B970AFE199376C9006D0358 /* c8.png */; };
		0B970B3E199376C9006D0358 /* c9.png in Resources */ = {isa = PBXBuildFile; fileRef = 0B970AFF199376C9006D0358 /* c9.png */; };
		0B970B3F199376C9006D0358 /* d1.png in Resources */ = {isa = PBXBuildFile; fileRef = 0B970B00199376C9006D0358 /* d1.png */; };
		0B970B40199376C9006D0358 /* d10.png in Resources */ = {isa = PBXBuildFile; fileRef = 0B970B01199376C9006D0358 /* d10.png */; };
		0B970B41199376C9006D0358 /* d11.png in Resources */ = {isa = PBXBuildFile; fileRef = 0B970B02199376C9006D0358 /* d11.png */; };
		0B970B42199376C9006D0358 /* d12.png in Resources */ = {isa = PBXBuildFile; fileRef = 0B970B03199376C9006D0358 /* d12.png */; };
		0B970B43199376C9006D0358 /* d13.png in Resources */ = {isa = PBXBuildFile; fileRef = 0B970B04199376C9006D0358 /* d13.png */; };
		0B970B44199376C9006D0358 /* d2.png in Resources */ = {isa = PBXBuildFile; fileRef = 0B970B05199376C9006D0358 /* d2.png */; };
		0B970B45199376C9006D0358 /* d3.png in Resources */ = {isa = PBXBuildFile; fileRef = 0B970B06199376C9006D0358 /* d3.png */; };
		0B970B46199376C9006D0358 /* d4.png in Resources */ = {isa = PBXBuildFile; fileRef = 0B970B07199376C9006D0358 /* d4.png */; };
		0B970B47199376C9006D0358 /* d5.png in Resources */ = {isa = PBXBuildFile; fileRef = 0B970B08199376C9006D0358 /* d5.png */; };
		0B970B48199376C9006D0358 /* d6.png in Resources */ = {isa = PBXBuildFile; fileRef = 0B970B09199376C9006D0358 /* d6.png */; };
		0B970B49199376C9006D0358 /* d7.png in Resources */ = {isa = PBXBuildFile; fileRef = 0B970B0A199376C9006D0358 /* d7.png */; };
		0B970B4A199376C9006D0358 /* d8.png in Resources */ = {isa = PBXBuildFile; fileRef = 0B970B0B199376C9006D0358 /* d8.png */; };
		0B970B4B199376C9006D0358 /* d9.png in Resources */ = {isa = PBXBuildFile; fileRef = 0B970B0C199376C9006D0358 /* d9.png */; };
		0B970B4C199376C9006D0358 /* ec.png in Resources */ = {isa = PBXBuildFile; fileRef = 0B970B0D199376C9006D0358 /* ec.png */; };
		0B970B4D199376C9006D0358 /* h1.png in Resources */ = {isa = PBXBuildFile; fileRef = 0B970B0E199376C9006D0358 /* h1.png */; };
		0B970B4E199376C9006D0358 /* h10.png in Resources */ = {isa = PBXBuildFile; fileRef = 0B970B0F199376C9006D0358 /* h10.png */; };
		0B970B4F199376C9006D0358 /* h11.png in Resources */ = {isa = PBXBuildFile; fileRef = 0B970B10199376C9006D0358 /* h11.png */; };
		0B970B50199376C9006D0358 /* h12.png in Resources */ = {isa = PBXBuildFile; fileRef = 0B970B11199376C9006D0358 /* h12.png */; };
		0B970B51199376C9006D0358 /* h13.png in Resources */ = {isa = PBXBuildFile; fileRef = 0B970B12199376C9006D0358 /* h13.png */; };
		0B970B52199376C9006D0358 /* h2.png in Resources */ = {isa = PBXBuildFile; fileRef = 0B970B13199376C9006D0358 /* h2.png */; };
		0B970B53199376C9006D0358 /* h3.png in Resources */ = {isa = PBXBuildFile; fileRef = 0B970B14199376C9006D0358 /* h3.png */; };
		0B970B54199376C9006D0358 /* h4.png in Resources */ = {isa = PBXBuildFile; fileRef = 0B970B15199376C9006D0358 /* h4.png */; };
		0B970B55199376C9006D0358 /* h5.png in Resources */ = {isa = PBXBuildFile; fileRef = 0B970B16199376C9006D0358 /* h5.png */; };
		0B970B56199376C9006D0358 /* h6.png in Resources */ = {isa = PBXBuildFile; fileRef = 0B970B17199376C9006D0358 /* h6.png */; };
		0B970B57199376C9006D0358 /* h7.png in Resources */ = {isa = PBXBuildFile; fileRef = 0B970B18199376C9006D0358 /* h7.png */; };
		0B970B58199376C9006D0358 /* h8.png in Resources */ = {isa = PBXBuildFile; fileRef = 0B970B19199376C9006D0358 /* h8.png */; };
		0B970B59199376C9006D0358 /* h9.png in Resources */ = {isa = PBXBuildFile; fileRef = 0B970B1A199376C9006D0358 /* h9.png */; };
		0B970B5A199376C9006D0358 /* README.md in Resources */ = {isa = PBXBuildFile; fileRef = 0B970B1B199376C9006D0358 /* README.md */; };
		0B970B5B199376C9006D0358 /* s1.png in Resources */ = {isa = PBXBuildFile; fileRef = 0B970B1C199376C9006D0358 /* s1.png */; };
		0B970B5C199376C9006D0358 /* s10.png in Resources */ = {isa = PBXBuildFile; fileRef = 0B970B1D199376C9006D0358 /* s10.png */; };
		0B970B5D199376C9006D0358 /* s11.png in Resources */ = {isa = PBXBuildFile; fileRef = 0B970B1E199376C9006D0358 /* s11.png */; };
		0B970B5E199376C9006D0358 /* s12.png in Resources */ = {isa = PBXBuildFile; fileRef = 0B970B1F199376C9006D0358 /* s12.png */; };
		0B970B5F199376C9006D0358 /* s13.png in Resources */ = {isa = PBXBuildFile; fileRef = 0B970B20199376C9006D0358 /* s13.png */; };
		0B970B60199376C9006D0358 /* s2.png in Resources */ = {isa = PBXBuildFile; fileRef = 0B970B21199376C9006D0358 /* s2.png */; };
		0B970B61199376C9006D0358 /* s3.png in Resources */ = {isa = PBXBuildFile; fileRef = 0B970B22199376C9006D0358 /* s3.png */; };
		0B970B62199376C9006D0358 /* s4.png in Resources */ = {isa = PBXBuildFile; fileRef = 0B970B23199376C9006D0358 /* s4.png */; };
		0B970B63199376C9006D0358 /* s5.png in Resources */ = {isa = PBXBuildFile; fileRef = 0B970B24199376C9006D0358 /* s5.png */; };
		0B970B64199376C9006D0358 /* s6.png in Resources */ = {isa = PBXBuildFile; fileRef = 0B970B25199376C9006D0358 /* s6.png */; };
		0B970B65199376C9006D0358 /* s7.png in Resources */ = {isa = PBXBuildFile; fileRef = 0B970B26199376C9006D0358 /* s7.png */; };
		0B970B66199376C9006D0358 /* s8.png in Resources */ = {isa = PBXBuildFile; fileRef = 0B970B27199376C9006D0358 /* s8.png */; };
		0B970B67199376C9006D0358 /* s9.png in Resources */ = {isa = PBXBuildFile; fileRef = 0B970B28199376C9006D0358 /* s9.png */; };
		0B970B68199376C9006D0358 /* CollectionViewController.m in Sources */ = {isa = PBXBuildFile; fileRef = 0B970B2A199376C9006D0358 /* CollectionViewController.m */; };
		0B970B69199376C9006D0358 /* LXReorderableCollectionViewFlowLayout.m in Sources */ = {isa = PBXBuildFile; fileRef = 0B970B2D199376C9006D0358 /* LXReorderableCollectionViewFlowLayout.m */; };
		0B970B6A199376C9006D0358 /* PlayingCard.m in Sources */ = {isa = PBXBuildFile; fileRef = 0B970B2F199376C9006D0358 /* PlayingCard.m */; };
		0B970B6B199376C9006D0358 /* PlayingCardCell.m in Sources */ = {isa = PBXBuildFile; fileRef = 0B970B31199376C9006D0358 /* PlayingCardCell.m */; };
		0B9F719D1994FF53003AE1BE /* homeBarcodeLogo.png in Resources */ = {isa = PBXBuildFile; fileRef = 0B9F71931994FF53003AE1BE /* homeBarcodeLogo.png */; };
		0B9F719E1994FF53003AE1BE /* homeIDLogo.png in Resources */ = {isa = PBXBuildFile; fileRef = 0B9F71941994FF53003AE1BE /* homeIDLogo.png */; };
		0B9F719F1994FF53003AE1BE /* homePaperClipLogo.png in Resources */ = {isa = PBXBuildFile; fileRef = 0B9F71951994FF53003AE1BE /* homePaperClipLogo.png */; };
		0B9F71A01994FF53003AE1BE /* homeReportsLogo.png in Resources */ = {isa = PBXBuildFile; fileRef = 0B9F71961994FF53003AE1BE /* homeReportsLogo.png */; };
		0B9F71A11994FF53003AE1BE /* homeSchuhLogo.png in Resources */ = {isa = PBXBuildFile; fileRef = 0B9F71971994FF53003AE1BE /* homeSchuhLogo.png */; };
		0B9F71A21994FF53003AE1BE /* homeSettingsLogoGrey.png in Resources */ = {isa = PBXBuildFile; fileRef = 0B9F71981994FF53003AE1BE /* homeSettingsLogoGrey.png */; };
		0B9F71A31994FF53003AE1BE /* homeSettingsLogoWhite.png in Resources */ = {isa = PBXBuildFile; fileRef = 0B9F71991994FF53003AE1BE /* homeSettingsLogoWhite.png */; };
		0B9F71A41994FF53003AE1BE /* homeSyncGreen.png in Resources */ = {isa = PBXBuildFile; fileRef = 0B9F719A1994FF53003AE1BE /* homeSyncGreen.png */; };
		0B9F71A51994FF53003AE1BE /* homeSyncOrange.png in Resources */ = {isa = PBXBuildFile; fileRef = 0B9F719B1994FF53003AE1BE /* homeSyncOrange.png */; };
		0B9F71A61994FF53003AE1BE /* homeSyncRed.png in Resources */ = {isa = PBXBuildFile; fileRef = 0B9F719C1994FF53003AE1BE /* homeSyncRed.png */; };
		0B9F71AB19950A5D003AE1BE /* homeChangeSettingsButton.png in Resources */ = {isa = PBXBuildFile; fileRef = 0B9F71A719950A5D003AE1BE /* homeChangeSettingsButton.png */; };
		0B9F71AC19950A5D003AE1BE /* homeCollectionsButton.png in Resources */ = {isa = PBXBuildFile; fileRef = 0B9F71A819950A5D003AE1BE /* homeCollectionsButton.png */; };
		0B9F71AD19950A5D003AE1BE /* homeCustomProductButton.png in Resources */ = {isa = PBXBuildFile; fileRef = 0B9F71A919950A5D003AE1BE /* homeCustomProductButton.png */; };
		0B9F71AE19950A5D003AE1BE /* homeRunAndViewReportsButton.png in Resources */ = {isa = PBXBuildFile; fileRef = 0B9F71AA19950A5D003AE1BE /* homeRunAndViewReportsButton.png */; };
		0B9F71B019951099003AE1BE /* schuhMenuIcon-S.png in Resources */ = {isa = PBXBuildFile; fileRef = 0B9F71AF19951099003AE1BE /* schuhMenuIcon-S.png */; };
		0B9F71B319951730003AE1BE /* BaseViewController.m in Sources */ = {isa = PBXBuildFile; fileRef = 0B9F71B219951730003AE1BE /* BaseViewController.m */; };
		0BC036441993B5EB00B175AD /* ReportHomeViewController.m in Sources */ = {isa = PBXBuildFile; fileRef = 0BC036431993B5EB00B175AD /* ReportHomeViewController.m */; };
		0BC95632198FDABD00CD45D5 /* Foundation.framework in Frameworks */ = {isa = PBXBuildFile; fileRef = 0BC95631198FDABD00CD45D5 /* Foundation.framework */; };
		0BC95634198FDABD00CD45D5 /* CoreGraphics.framework in Frameworks */ = {isa = PBXBuildFile; fileRef = 0BC95633198FDABD00CD45D5 /* CoreGraphics.framework */; };
		0BC95636198FDABD00CD45D5 /* UIKit.framework in Frameworks */ = {isa = PBXBuildFile; fileRef = 0BC95635198FDABD00CD45D5 /* UIKit.framework */; };
		0BC9563C198FDABD00CD45D5 /* InfoPlist.strings in Resources */ = {isa = PBXBuildFile; fileRef = 0BC9563A198FDABD00CD45D5 /* InfoPlist.strings */; };
		0BC9563E198FDABD00CD45D5 /* main.m in Sources */ = {isa = PBXBuildFile; fileRef = 0BC9563D198FDABD00CD45D5 /* main.m */; };
		0BC95642198FDABD00CD45D5 /* AppDelegate.m in Sources */ = {isa = PBXBuildFile; fileRef = 0BC95641198FDABD00CD45D5 /* AppDelegate.m */; };
		0BC95645198FDABD00CD45D5 /* Main.storyboard in Resources */ = {isa = PBXBuildFile; fileRef = 0BC95643198FDABD00CD45D5 /* Main.storyboard */; };
		0BC9564A198FDABD00CD45D5 /* Images.xcassets in Resources */ = {isa = PBXBuildFile; fileRef = 0BC95649198FDABD00CD45D5 /* Images.xcassets */; };
		0BC95651198FDABD00CD45D5 /* XCTest.framework in Frameworks */ = {isa = PBXBuildFile; fileRef = 0BC95650198FDABD00CD45D5 /* XCTest.framework */; };
		0BC95652198FDABD00CD45D5 /* Foundation.framework in Frameworks */ = {isa = PBXBuildFile; fileRef = 0BC95631198FDABD00CD45D5 /* Foundation.framework */; };
		0BC95653198FDABD00CD45D5 /* UIKit.framework in Frameworks */ = {isa = PBXBuildFile; fileRef = 0BC95635198FDABD00CD45D5 /* UIKit.framework */; };
		0BC9565B198FDABD00CD45D5 /* InfoPlist.strings in Resources */ = {isa = PBXBuildFile; fileRef = 0BC95659198FDABD00CD45D5 /* InfoPlist.strings */; };
		0BC9565D198FDABD00CD45D5 /* BuyersTests.m in Sources */ = {isa = PBXBuildFile; fileRef = 0BC9565C198FDABD00CD45D5 /* BuyersTests.m */; };
		0BC95669198FDE3E00CD45D5 /* SWRevealViewController.m in Sources */ = {isa = PBXBuildFile; fileRef = 0BC95668198FDE3E00CD45D5 /* SWRevealViewController.m */; };
		0BC956721990CF3200CD45D5 /* CollectionListViewController.m in Sources */ = {isa = PBXBuildFile; fileRef = 0BC9566B1990CF3200CD45D5 /* CollectionListViewController.m */; };
		0BC956751990CF3200CD45D5 /* SidebarViewController.m in Sources */ = {isa = PBXBuildFile; fileRef = 0BC956711990CF3200CD45D5 /* SidebarViewController.m */; };
		0BC956781990F28500CD45D5 /* HomeViewController.m in Sources */ = {isa = PBXBuildFile; fileRef = 0BC956771990F28500CD45D5 /* HomeViewController.m */; };
		5B14383519ADE40800A68865 /* CollectionButton.m in Sources */ = {isa = PBXBuildFile; fileRef = 5B14383419ADE40800A68865 /* CollectionButton.m */; };
		5B35503119A49CF40031E33C /* CoreData.framework in Frameworks */ = {isa = PBXBuildFile; fileRef = 5B35503019A49CF40031E33C /* CoreData.framework */; };
		5B35503419A49EFE0031E33C /* BuyersDataModel.xcdatamodeld in Sources */ = {isa = PBXBuildFile; fileRef = 5B35503219A49EFE0031E33C /* BuyersDataModel.xcdatamodeld */; };
		5B65017919B0B518003F03F8 /* ProductCell.m in Sources */ = {isa = PBXBuildFile; fileRef = 5B65017819B0B518003F03F8 /* ProductCell.m */; };
		5B65017B19B60B3E003F03F8 /* 1159147370_main.jpg in Resources */ = {isa = PBXBuildFile; fileRef = 5B65017A19B60B3E003F03F8 /* 1159147370_main.jpg */; };
		5B9FDD6C19AF55DC00CE75F0 /* 1159140970_main.jpg in Resources */ = {isa = PBXBuildFile; fileRef = 5B9FDD6B19AF55DC00CE75F0 /* 1159140970_main.jpg */; };
		5BA0951919B61E5B006C1782 /* 1159074370_main.jpg in Resources */ = {isa = PBXBuildFile; fileRef = 5BA0951819B61E5B006C1782 /* 1159074370_main.jpg */; };
		5BA0951B19B61F07006C1782 /* 1159137970_main.jpg in Resources */ = {isa = PBXBuildFile; fileRef = 5BA0951A19B61F07006C1782 /* 1159137970_main.jpg */; };
		5BA0951D19B61FBE006C1782 /* 1106011160_main.jpg in Resources */ = {isa = PBXBuildFile; fileRef = 5BA0951C19B61FBE006C1782 /* 1106011160_main.jpg */; };
		5BA0951F19B620AB006C1782 /* 1159061320_main.jpg in Resources */ = {isa = PBXBuildFile; fileRef = 5BA0951E19B620AB006C1782 /* 1159061320_main.jpg */; };
		5BA0952119B6212B006C1782 /* 1461031160_main.jpg in Resources */ = {isa = PBXBuildFile; fileRef = 5BA0952019B6212B006C1782 /* 1461031160_main.jpg */; };
		5BB66B0B19DEAC2300422E87 /* checkboxSML-checked@2x.png in Resources */ = {isa = PBXBuildFile; fileRef = 5BB66B0819DEAC2300422E87 /* checkboxSML-checked@2x.png */; };
		5BB66B0C19DEAC2300422E87 /* checkboxSML@2x.png in Resources */ = {isa = PBXBuildFile; fileRef = 5BB66B0919DEAC2300422E87 /* checkboxSML@2x.png */; };
		5BB66B1019DEACD500422E87 /* checkboxSML-checked.png in Resources */ = {isa = PBXBuildFile; fileRef = 5BB66B0E19DEACD500422E87 /* checkboxSML-checked.png */; };
		5BB66B1119DEACD500422E87 /* checkboxSML.png in Resources */ = {isa = PBXBuildFile; fileRef = 5BB66B0F19DEACD500422E87 /* checkboxSML.png */; };
		5BDDAA2D19A5EA7600073B10 /* Settings.bundle in Resources */ = {isa = PBXBuildFile; fileRef = 5BDDAA2C19A5EA7600073B10 /* Settings.bundle */; };
		5BDDAA3019A62B0C00073B10 /* NewCollectionViewController.m in Sources */ = {isa = PBXBuildFile; fileRef = 5BDDAA2F19A62B0C00073B10 /* NewCollectionViewController.m */; };
		C618D3A019DEEBC7005977D6 /* camera.png in Resources */ = {isa = PBXBuildFile; fileRef = C618D39F19DEEBC7005977D6 /* camera.png */; };
		C618D3A219DEEC7F005977D6 /* gallery.png in Resources */ = {isa = PBXBuildFile; fileRef = C618D3A119DEEC7F005977D6 /* gallery.png */; };
		C618D3A419DEF114005977D6 /* camera_lg.png in Resources */ = {isa = PBXBuildFile; fileRef = C618D3A319DEF114005977D6 /* camera_lg.png */; };
		C6B9A7A319DD6A1900C832A1 /* AddNewProductViewController.m in Sources */ = {isa = PBXBuildFile; fileRef = C6B9A79C19DD6A1900C832A1 /* AddNewProductViewController.m */; };
		C6B9A7A419DD6A1900C832A1 /* ProductNotesViewController.m in Sources */ = {isa = PBXBuildFile; fileRef = C6B9A79E19DD6A1900C832A1 /* ProductNotesViewController.m */; };
		C6B9A7A519DD6A1900C832A1 /* ProductsViewController.m in Sources */ = {isa = PBXBuildFile; fileRef = C6B9A7A019DD6A1900C832A1 /* ProductsViewController.m */; };
		C6B9A7A619DD6A1900C832A1 /* ProductViewController.m in Sources */ = {isa = PBXBuildFile; fileRef = C6B9A7A219DD6A1900C832A1 /* ProductViewController.m */; };
		C6B9A7A919DD6A4C00C832A1 /* CollectionNotesViewController.m in Sources */ = {isa = PBXBuildFile; fileRef = C6B9A7A819DD6A4C00C832A1 /* CollectionNotesViewController.m */; };
		C6B9A7AC19DD6AB800C832A1 /* ProductButton.m in Sources */ = {isa = PBXBuildFile; fileRef = C6B9A7AB19DD6AB800C832A1 /* ProductButton.m */; };
		C6B9A7B919DD6B5600C832A1 /* 1158985860_main.jpg in Resources */ = {isa = PBXBuildFile; fileRef = C6B9A7AD19DD6B5600C832A1 /* 1158985860_main.jpg */; };
		C6B9A7BA19DD6B5600C832A1 /* 1159053670_main.jpg in Resources */ = {isa = PBXBuildFile; fileRef = C6B9A7AE19DD6B5600C832A1 /* 1159053670_main.jpg */; };
		C6B9A7BB19DD6B5600C832A1 /* 1159155670_main.jpg in Resources */ = {isa = PBXBuildFile; fileRef = C6B9A7AF19DD6B5600C832A1 /* 1159155670_main.jpg */; };
		C6B9A7BC19DD6B5600C832A1 /* 1159167060_main.jpg in Resources */ = {isa = PBXBuildFile; fileRef = C6B9A7B019DD6B5600C832A1 /* 1159167060_main.jpg */; };
		C6B9A7BD19DD6B5600C832A1 /* 1159167270_main.jpg in Resources */ = {isa = PBXBuildFile; fileRef = C6B9A7B119DD6B5600C832A1 /* 1159167270_main.jpg */; };
		C6B9A7BE19DD6B5600C832A1 /* 1945097370_main.jpg in Resources */ = {isa = PBXBuildFile; fileRef = C6B9A7B219DD6B5600C832A1 /* 1945097370_main.jpg */; };
		C6B9A7BF19DD6B5600C832A1 /* arrowDOWN.png in Resources */ = {isa = PBXBuildFile; fileRef = C6B9A7B319DD6B5600C832A1 /* arrowDOWN.png */; };
		C6B9A7C019DD6B5600C832A1 /* arrowUP.png in Resources */ = {isa = PBXBuildFile; fileRef = C6B9A7B419DD6B5600C832A1 /* arrowUP.png */; };
		C6B9A7C119DD6B5600C832A1 /* checkbox-checked.png in Resources */ = {isa = PBXBuildFile; fileRef = C6B9A7B519DD6B5600C832A1 /* checkbox-checked.png */; };
		C6B9A7C219DD6B5600C832A1 /* checkbox-checked@2x.png in Resources */ = {isa = PBXBuildFile; fileRef = C6B9A7B619DD6B5600C832A1 /* checkbox-checked@2x.png */; };
		C6B9A7C319DD6B5600C832A1 /* checkbox.png in Resources */ = {isa = PBXBuildFile; fileRef = C6B9A7B719DD6B5600C832A1 /* checkbox.png */; };
		C6B9A7C419DD6B5600C832A1 /* checkbox@2x.png in Resources */ = {isa = PBXBuildFile; fileRef = C6B9A7B819DD6B5600C832A1 /* checkbox@2x.png */; };
		C6B9A7C719DD737400C832A1 /* Collection.m in Sources */ = {isa = PBXBuildFile; fileRef = C6B9A7C619DD737400C832A1 /* Collection.m */; };
		C6B9A7CA19DD73AC00C832A1 /* ProductOrder.m in Sources */ = {isa = PBXBuildFile; fileRef = C6B9A7C919DD73AC00C832A1 /* ProductOrder.m */; };
		C6B9A7CD19DD73AC00C832A1 /* Product.m in Sources */ = {isa = PBXBuildFile; fileRef = C6B9A7CC19DD73AC00C832A1 /* Product.m */; };
		C6B9A7D019DD73AC00C832A1 /* ProductCategory.m in Sources */ = {isa = PBXBuildFile; fileRef = C6B9A7CF19DD73AC00C832A1 /* ProductCategory.m */; };
/* End PBXBuildFile section */

/* Begin PBXContainerItemProxy section */
		0BC95654198FDABD00CD45D5 /* PBXContainerItemProxy */ = {
			isa = PBXContainerItemProxy;
			containerPortal = 0BC95626198FDABD00CD45D5 /* Project object */;
			proxyType = 1;
			remoteGlobalIDString = 0BC9562D198FDABD00CD45D5;
			remoteInfo = Buyers;
		};
/* End PBXContainerItemProxy section */

/* Begin PBXFileReference section */
		0B288A6B19B9C80B00F62B63 /* SchDropDown.h */ = {isa = PBXFileReference; fileEncoding = 4; lastKnownFileType = sourcecode.c.h; path = SchDropDown.h; sourceTree = "<group>"; };
		0B288A6C19B9C80B00F62B63 /* SchDropDown.m */ = {isa = PBXFileReference; fileEncoding = 4; lastKnownFileType = sourcecode.c.objc; path = SchDropDown.m; sourceTree = "<group>"; };
		0B288A6D19B9C80B00F62B63 /* SchPDFView.h */ = {isa = PBXFileReference; fileEncoding = 4; lastKnownFileType = sourcecode.c.h; path = SchPDFView.h; sourceTree = "<group>"; };
		0B288A6E19B9C80B00F62B63 /* SchPDFView.m */ = {isa = PBXFileReference; fileEncoding = 4; lastKnownFileType = sourcecode.c.objc; path = SchPDFView.m; sourceTree = "<group>"; };
		0B288A7119B9C81200F62B63 /* BusinessReview.html */ = {isa = PBXFileReference; fileEncoding = 4; lastKnownFileType = text.html; path = BusinessReview.html; sourceTree = "<group>"; };
		0B288A7319B9C83600F62B63 /* BusinessReviewReportControllerViewController.h */ = {isa = PBXFileReference; fileEncoding = 4; lastKnownFileType = sourcecode.c.h; path = BusinessReviewReportControllerViewController.h; sourceTree = "<group>"; };
		0B288A7419B9C83600F62B63 /* BusinessReviewReportControllerViewController.m */ = {isa = PBXFileReference; fileEncoding = 4; lastKnownFileType = sourcecode.c.objc; path = BusinessReviewReportControllerViewController.m; sourceTree = "<group>"; };
		0B288A7519B9C83600F62B63 /* Report.h */ = {isa = PBXFileReference; fileEncoding = 4; lastKnownFileType = sourcecode.c.h; path = Report.h; sourceTree = "<group>"; };
		0B288A7619B9C83600F62B63 /* Report.m */ = {isa = PBXFileReference; fileEncoding = 4; lastKnownFileType = sourcecode.c.objc; path = Report.m; sourceTree = "<group>"; };
		0B288A7F19B9E73300F62B63 /* Sync.h */ = {isa = PBXFileReference; fileEncoding = 4; lastKnownFileType = sourcecode.c.h; path = Sync.h; sourceTree = "<group>"; };
		0B288A8019B9E73300F62B63 /* Sync.m */ = {isa = PBXFileReference; fileEncoding = 4; lastKnownFileType = sourcecode.c.objc; path = Sync.m; sourceTree = "<group>"; };
		0B288A8219B9EFBF00F62B63 /* Image.h */ = {isa = PBXFileReference; fileEncoding = 4; lastKnownFileType = sourcecode.c.h; name = Image.h; path = Buyers/Image.h; sourceTree = "<group>"; };
		0B288A8319B9EFBF00F62B63 /* Image.m */ = {isa = PBXFileReference; fileEncoding = 4; lastKnownFileType = sourcecode.c.objc; name = Image.m; path = Buyers/Image.m; sourceTree = "<group>"; };
		0B288A8819B9EFBF00F62B63 /* Colour.h */ = {isa = PBXFileReference; fileEncoding = 4; lastKnownFileType = sourcecode.c.h; name = Colour.h; path = Buyers/Colour.h; sourceTree = "<group>"; };
		0B288A8919B9EFBF00F62B63 /* Colour.m */ = {isa = PBXFileReference; fileEncoding = 4; lastKnownFileType = sourcecode.c.objc; name = Colour.m; path = Buyers/Colour.m; sourceTree = "<group>"; };
		0B288A8E19B9EFBF00F62B63 /* Material.h */ = {isa = PBXFileReference; fileEncoding = 4; lastKnownFileType = sourcecode.c.h; name = Material.h; path = Buyers/Material.h; sourceTree = "<group>"; };
		0B288A8F19B9EFBF00F62B63 /* Material.m */ = {isa = PBXFileReference; fileEncoding = 4; lastKnownFileType = sourcecode.c.objc; name = Material.m; path = Buyers/Material.m; sourceTree = "<group>"; };
		0B288A9119B9EFBF00F62B63 /* Supplier.h */ = {isa = PBXFileReference; fileEncoding = 4; lastKnownFileType = sourcecode.c.h; name = Supplier.h; path = Buyers/Supplier.h; sourceTree = "<group>"; };
		0B288A9219B9EFBF00F62B63 /* Supplier.m */ = {isa = PBXFileReference; fileEncoding = 4; lastKnownFileType = sourcecode.c.objc; name = Supplier.m; path = Buyers/Supplier.m; sourceTree = "<group>"; };
		0B288AA019B9F74700F62B63 /* SyncStatus.h */ = {isa = PBXFileReference; fileEncoding = 4; lastKnownFileType = sourcecode.c.h; name = SyncStatus.h; path = Buyers/SyncStatus.h; sourceTree = "<group>"; };
		0B288AA119B9F74700F62B63 /* SyncStatus.m */ = {isa = PBXFileReference; fileEncoding = 4; lastKnownFileType = sourcecode.c.objc; name = SyncStatus.m; path = Buyers/SyncStatus.m; sourceTree = "<group>"; };
		0B288ABB19BDF06500F62B63 /* Brand.h */ = {isa = PBXFileReference; fileEncoding = 4; lastKnownFileType = sourcecode.c.h; name = Brand.h; path = Buyers/Brand.h; sourceTree = "<group>"; };
		0B288ABC19BDF06500F62B63 /* Brand.m */ = {isa = PBXFileReference; fileEncoding = 4; lastKnownFileType = sourcecode.c.objc; name = Brand.m; path = Buyers/Brand.m; sourceTree = "<group>"; };
		0B288ABE19BE031400F62B63 /* Reachability.h */ = {isa = PBXFileReference; fileEncoding = 4; lastKnownFileType = sourcecode.c.h; path = Reachability.h; sourceTree = "<group>"; };
		0B288ABF19BE031400F62B63 /* Reachability.m */ = {isa = PBXFileReference; fileEncoding = 4; lastKnownFileType = sourcecode.c.objc; path = Reachability.m; sourceTree = "<group>"; };
		0B288AC119BE032C00F62B63 /* SystemConfiguration.framework */ = {isa = PBXFileReference; lastKnownFileType = wrapper.framework; name = SystemConfiguration.framework; path = System/Library/Frameworks/SystemConfiguration.framework; sourceTree = SDKROOT; };
		0B288AC319BEEE7700F62B63 /* homeSyncGreen2.png */ = {isa = PBXFileReference; lastKnownFileType = image.png; path = homeSyncGreen2.png; sourceTree = "<group>"; };
		0B523EAD19DD5EC10079EB25 /* Merch.h */ = {isa = PBXFileReference; fileEncoding = 4; lastKnownFileType = sourcecode.c.h; name = Merch.h; path = Buyers/Merch.h; sourceTree = "<group>"; };
		0B523EAE19DD5EC10079EB25 /* Merch.m */ = {isa = PBXFileReference; fileEncoding = 4; lastKnownFileType = sourcecode.c.objc; name = Merch.m; path = Buyers/Merch.m; sourceTree = "<group>"; };
		0B523EB019DD5EC20079EB25 /* Department.h */ = {isa = PBXFileReference; fileEncoding = 4; lastKnownFileType = sourcecode.c.h; name = Department.h; path = Buyers/Department.h; sourceTree = "<group>"; };
		0B523EB119DD5EC20079EB25 /* Department.m */ = {isa = PBXFileReference; fileEncoding = 4; lastKnownFileType = sourcecode.c.objc; name = Department.m; path = Buyers/Department.m; sourceTree = "<group>"; };
		0B523EB319DEB32A0079EB25 /* BaseNavigationController.h */ = {isa = PBXFileReference; fileEncoding = 4; lastKnownFileType = sourcecode.c.h; path = BaseNavigationController.h; sourceTree = "<group>"; };
		0B523EB419DEB32A0079EB25 /* BaseNavigationController.m */ = {isa = PBXFileReference; fileEncoding = 4; lastKnownFileType = sourcecode.c.objc; path = BaseNavigationController.m; sourceTree = "<group>"; };
		0B523EB919E280FA0079EB25 /* ReportFilterSet.h */ = {isa = PBXFileReference; fileEncoding = 4; lastKnownFileType = sourcecode.c.h; name = ReportFilterSet.h; path = Buyers/ReportFilterSet.h; sourceTree = "<group>"; };
		0B523EBA19E280FA0079EB25 /* ReportFilterSet.m */ = {isa = PBXFileReference; fileEncoding = 4; lastKnownFileType = sourcecode.c.objc; name = ReportFilterSet.m; path = Buyers/ReportFilterSet.m; sourceTree = "<group>"; };
		0B52FC8919E56E0C00D1D747 /* ReportData.h */ = {isa = PBXFileReference; fileEncoding = 4; lastKnownFileType = sourcecode.c.h; name = ReportData.h; path = Buyers/ReportData.h; sourceTree = "<group>"; };
		0B52FC8A19E56E0C00D1D747 /* ReportData.m */ = {isa = PBXFileReference; fileEncoding = 4; lastKnownFileType = sourcecode.c.objc; name = ReportData.m; path = Buyers/ReportData.m; sourceTree = "<group>"; };
		0B7630941998DDEC00949155 /* CustomHomeViewController.h */ = {isa = PBXFileReference; fileEncoding = 4; lastKnownFileType = sourcecode.c.h; path = CustomHomeViewController.h; sourceTree = "<group>"; };
		0B7630951998DDEC00949155 /* CustomHomeViewController.m */ = {isa = PBXFileReference; fileEncoding = 4; lastKnownFileType = sourcecode.c.objc; path = CustomHomeViewController.m; sourceTree = "<group>"; };
		0B7630971998DE0100949155 /* SettingsHomeViewController.h */ = {isa = PBXFileReference; fileEncoding = 4; lastKnownFileType = sourcecode.c.h; path = SettingsHomeViewController.h; sourceTree = "<group>"; };
		0B7630981998DE0100949155 /* SettingsHomeViewController.m */ = {isa = PBXFileReference; fileEncoding = 4; lastKnownFileType = sourcecode.c.objc; path = SettingsHomeViewController.m; sourceTree = "<group>"; };
		0B76309A199A31F700949155 /* SchTextField.h */ = {isa = PBXFileReference; fileEncoding = 4; lastKnownFileType = sourcecode.c.h; path = SchTextField.h; sourceTree = "<group>"; };
		0B76309B199A31F700949155 /* SchTextField.m */ = {isa = PBXFileReference; fileEncoding = 4; lastKnownFileType = sourcecode.c.objc; path = SchTextField.m; sourceTree = "<group>"; };
		0B76309D199CB7D200949155 /* leftArrowButtonBG.png */ = {isa = PBXFileReference; lastKnownFileType = image.png; path = leftArrowButtonBG.png; sourceTree = "<group>"; };
		0B76309E199CB7D200949155 /* rightArrowButtonBG.png */ = {isa = PBXFileReference; lastKnownFileType = image.png; path = rightArrowButtonBG.png; sourceTree = "<group>"; };
		0B7630A1199E0BCD00949155 /* OrderVsIntakeReportViewController.h */ = {isa = PBXFileReference; fileEncoding = 4; lastKnownFileType = sourcecode.c.h; path = OrderVsIntakeReportViewController.h; sourceTree = "<group>"; };
		0B7630A2199E0BCD00949155 /* OrderVsIntakeReportViewController.m */ = {isa = PBXFileReference; fileEncoding = 4; lastKnownFileType = sourcecode.c.objc; path = OrderVsIntakeReportViewController.m; sourceTree = "<group>"; };
		0B7630A419A2121700949155 /* ReportViewController.h */ = {isa = PBXFileReference; fileEncoding = 4; lastKnownFileType = sourcecode.c.h; path = ReportViewController.h; sourceTree = "<group>"; };
		0B7630A519A2121700949155 /* ReportViewController.m */ = {isa = PBXFileReference; fileEncoding = 4; lastKnownFileType = sourcecode.c.objc; path = ReportViewController.m; sourceTree = "<group>"; };
		0B7630A819A247DF00949155 /* OrderVsIntake.html */ = {isa = PBXFileReference; fileEncoding = 4; lastKnownFileType = text.html; path = OrderVsIntake.html; sourceTree = "<group>"; };
		0B92CDBF19D046A6007B7FDB /* CalYearWeek.h */ = {isa = PBXFileReference; fileEncoding = 4; lastKnownFileType = sourcecode.c.h; name = CalYearWeek.h; path = Buyers/CalYearWeek.h; sourceTree = "<group>"; };
		0B92CDC019D046A6007B7FDB /* CalYearWeek.m */ = {isa = PBXFileReference; fileEncoding = 4; lastKnownFileType = sourcecode.c.objc; name = CalYearWeek.m; path = Buyers/CalYearWeek.m; sourceTree = "<group>"; };
		0B92CDC819D1C569007B7FDB /* ReportOrderVsIntake.h */ = {isa = PBXFileReference; fileEncoding = 4; lastKnownFileType = sourcecode.c.h; name = ReportOrderVsIntake.h; path = Buyers/ReportOrderVsIntake.h; sourceTree = "<group>"; };
		0B92CDC919D1C569007B7FDB /* ReportOrderVsIntake.m */ = {isa = PBXFileReference; fileEncoding = 4; lastKnownFileType = sourcecode.c.objc; name = ReportOrderVsIntake.m; path = Buyers/ReportOrderVsIntake.m; sourceTree = "<group>"; };
		0B970AF3199376C9006D0358 /* c1.png */ = {isa = PBXFileReference; lastKnownFileType = image.png; path = c1.png; sourceTree = "<group>"; };
		0B970AF4199376C9006D0358 /* c10.png */ = {isa = PBXFileReference; lastKnownFileType = image.png; path = c10.png; sourceTree = "<group>"; };
		0B970AF5199376C9006D0358 /* c11.png */ = {isa = PBXFileReference; lastKnownFileType = image.png; path = c11.png; sourceTree = "<group>"; };
		0B970AF6199376C9006D0358 /* c12.png */ = {isa = PBXFileReference; lastKnownFileType = image.png; path = c12.png; sourceTree = "<group>"; };
		0B970AF7199376C9006D0358 /* c13.png */ = {isa = PBXFileReference; lastKnownFileType = image.png; path = c13.png; sourceTree = "<group>"; };
		0B970AF8199376C9006D0358 /* c2.png */ = {isa = PBXFileReference; lastKnownFileType = image.png; path = c2.png; sourceTree = "<group>"; };
		0B970AF9199376C9006D0358 /* c3.png */ = {isa = PBXFileReference; lastKnownFileType = image.png; path = c3.png; sourceTree = "<group>"; };
		0B970AFA199376C9006D0358 /* c4.png */ = {isa = PBXFileReference; lastKnownFileType = image.png; path = c4.png; sourceTree = "<group>"; };
		0B970AFB199376C9006D0358 /* c5.png */ = {isa = PBXFileReference; lastKnownFileType = image.png; path = c5.png; sourceTree = "<group>"; };
		0B970AFC199376C9006D0358 /* c6.png */ = {isa = PBXFileReference; lastKnownFileType = image.png; path = c6.png; sourceTree = "<group>"; };
		0B970AFD199376C9006D0358 /* c7.png */ = {isa = PBXFileReference; lastKnownFileType = image.png; path = c7.png; sourceTree = "<group>"; };
		0B970AFE199376C9006D0358 /* c8.png */ = {isa = PBXFileReference; lastKnownFileType = image.png; path = c8.png; sourceTree = "<group>"; };
		0B970AFF199376C9006D0358 /* c9.png */ = {isa = PBXFileReference; lastKnownFileType = image.png; path = c9.png; sourceTree = "<group>"; };
		0B970B00199376C9006D0358 /* d1.png */ = {isa = PBXFileReference; lastKnownFileType = image.png; path = d1.png; sourceTree = "<group>"; };
		0B970B01199376C9006D0358 /* d10.png */ = {isa = PBXFileReference; lastKnownFileType = image.png; path = d10.png; sourceTree = "<group>"; };
		0B970B02199376C9006D0358 /* d11.png */ = {isa = PBXFileReference; lastKnownFileType = image.png; path = d11.png; sourceTree = "<group>"; };
		0B970B03199376C9006D0358 /* d12.png */ = {isa = PBXFileReference; lastKnownFileType = image.png; path = d12.png; sourceTree = "<group>"; };
		0B970B04199376C9006D0358 /* d13.png */ = {isa = PBXFileReference; lastKnownFileType = image.png; path = d13.png; sourceTree = "<group>"; };
		0B970B05199376C9006D0358 /* d2.png */ = {isa = PBXFileReference; lastKnownFileType = image.png; path = d2.png; sourceTree = "<group>"; };
		0B970B06199376C9006D0358 /* d3.png */ = {isa = PBXFileReference; lastKnownFileType = image.png; path = d3.png; sourceTree = "<group>"; };
		0B970B07199376C9006D0358 /* d4.png */ = {isa = PBXFileReference; lastKnownFileType = image.png; path = d4.png; sourceTree = "<group>"; };
		0B970B08199376C9006D0358 /* d5.png */ = {isa = PBXFileReference; lastKnownFileType = image.png; path = d5.png; sourceTree = "<group>"; };
		0B970B09199376C9006D0358 /* d6.png */ = {isa = PBXFileReference; lastKnownFileType = image.png; path = d6.png; sourceTree = "<group>"; };
		0B970B0A199376C9006D0358 /* d7.png */ = {isa = PBXFileReference; lastKnownFileType = image.png; path = d7.png; sourceTree = "<group>"; };
		0B970B0B199376C9006D0358 /* d8.png */ = {isa = PBXFileReference; lastKnownFileType = image.png; path = d8.png; sourceTree = "<group>"; };
		0B970B0C199376C9006D0358 /* d9.png */ = {isa = PBXFileReference; lastKnownFileType = image.png; path = d9.png; sourceTree = "<group>"; };
		0B970B0D199376C9006D0358 /* ec.png */ = {isa = PBXFileReference; lastKnownFileType = image.png; path = ec.png; sourceTree = "<group>"; };
		0B970B0E199376C9006D0358 /* h1.png */ = {isa = PBXFileReference; lastKnownFileType = image.png; path = h1.png; sourceTree = "<group>"; };
		0B970B0F199376C9006D0358 /* h10.png */ = {isa = PBXFileReference; lastKnownFileType = image.png; path = h10.png; sourceTree = "<group>"; };
		0B970B10199376C9006D0358 /* h11.png */ = {isa = PBXFileReference; lastKnownFileType = image.png; path = h11.png; sourceTree = "<group>"; };
		0B970B11199376C9006D0358 /* h12.png */ = {isa = PBXFileReference; lastKnownFileType = image.png; path = h12.png; sourceTree = "<group>"; };
		0B970B12199376C9006D0358 /* h13.png */ = {isa = PBXFileReference; lastKnownFileType = image.png; path = h13.png; sourceTree = "<group>"; };
		0B970B13199376C9006D0358 /* h2.png */ = {isa = PBXFileReference; lastKnownFileType = image.png; path = h2.png; sourceTree = "<group>"; };
		0B970B14199376C9006D0358 /* h3.png */ = {isa = PBXFileReference; lastKnownFileType = image.png; path = h3.png; sourceTree = "<group>"; };
		0B970B15199376C9006D0358 /* h4.png */ = {isa = PBXFileReference; lastKnownFileType = image.png; path = h4.png; sourceTree = "<group>"; };
		0B970B16199376C9006D0358 /* h5.png */ = {isa = PBXFileReference; lastKnownFileType = image.png; path = h5.png; sourceTree = "<group>"; };
		0B970B17199376C9006D0358 /* h6.png */ = {isa = PBXFileReference; lastKnownFileType = image.png; path = h6.png; sourceTree = "<group>"; };
		0B970B18199376C9006D0358 /* h7.png */ = {isa = PBXFileReference; lastKnownFileType = image.png; path = h7.png; sourceTree = "<group>"; };
		0B970B19199376C9006D0358 /* h8.png */ = {isa = PBXFileReference; lastKnownFileType = image.png; path = h8.png; sourceTree = "<group>"; };
		0B970B1A199376C9006D0358 /* h9.png */ = {isa = PBXFileReference; lastKnownFileType = image.png; path = h9.png; sourceTree = "<group>"; };
		0B970B1B199376C9006D0358 /* README.md */ = {isa = PBXFileReference; fileEncoding = 4; lastKnownFileType = text; path = README.md; sourceTree = "<group>"; };
		0B970B1C199376C9006D0358 /* s1.png */ = {isa = PBXFileReference; lastKnownFileType = image.png; path = s1.png; sourceTree = "<group>"; };
		0B970B1D199376C9006D0358 /* s10.png */ = {isa = PBXFileReference; lastKnownFileType = image.png; path = s10.png; sourceTree = "<group>"; };
		0B970B1E199376C9006D0358 /* s11.png */ = {isa = PBXFileReference; lastKnownFileType = image.png; path = s11.png; sourceTree = "<group>"; };
		0B970B1F199376C9006D0358 /* s12.png */ = {isa = PBXFileReference; lastKnownFileType = image.png; path = s12.png; sourceTree = "<group>"; };
		0B970B20199376C9006D0358 /* s13.png */ = {isa = PBXFileReference; lastKnownFileType = image.png; path = s13.png; sourceTree = "<group>"; };
		0B970B21199376C9006D0358 /* s2.png */ = {isa = PBXFileReference; lastKnownFileType = image.png; path = s2.png; sourceTree = "<group>"; };
		0B970B22199376C9006D0358 /* s3.png */ = {isa = PBXFileReference; lastKnownFileType = image.png; path = s3.png; sourceTree = "<group>"; };
		0B970B23199376C9006D0358 /* s4.png */ = {isa = PBXFileReference; lastKnownFileType = image.png; path = s4.png; sourceTree = "<group>"; };
		0B970B24199376C9006D0358 /* s5.png */ = {isa = PBXFileReference; lastKnownFileType = image.png; path = s5.png; sourceTree = "<group>"; };
		0B970B25199376C9006D0358 /* s6.png */ = {isa = PBXFileReference; lastKnownFileType = image.png; path = s6.png; sourceTree = "<group>"; };
		0B970B26199376C9006D0358 /* s7.png */ = {isa = PBXFileReference; lastKnownFileType = image.png; path = s7.png; sourceTree = "<group>"; };
		0B970B27199376C9006D0358 /* s8.png */ = {isa = PBXFileReference; lastKnownFileType = image.png; path = s8.png; sourceTree = "<group>"; };
		0B970B28199376C9006D0358 /* s9.png */ = {isa = PBXFileReference; lastKnownFileType = image.png; path = s9.png; sourceTree = "<group>"; };
		0B970B29199376C9006D0358 /* CollectionViewController.h */ = {isa = PBXFileReference; fileEncoding = 4; lastKnownFileType = sourcecode.c.h; path = CollectionViewController.h; sourceTree = "<group>"; };
		0B970B2A199376C9006D0358 /* CollectionViewController.m */ = {isa = PBXFileReference; fileEncoding = 4; lastKnownFileType = sourcecode.c.objc; path = CollectionViewController.m; sourceTree = "<group>"; };
		0B970B2C199376C9006D0358 /* LXReorderableCollectionViewFlowLayout.h */ = {isa = PBXFileReference; fileEncoding = 4; lastKnownFileType = sourcecode.c.h; path = LXReorderableCollectionViewFlowLayout.h; sourceTree = "<group>"; };
		0B970B2D199376C9006D0358 /* LXReorderableCollectionViewFlowLayout.m */ = {isa = PBXFileReference; fileEncoding = 4; lastKnownFileType = sourcecode.c.objc; path = LXReorderableCollectionViewFlowLayout.m; sourceTree = "<group>"; };
		0B970B2E199376C9006D0358 /* PlayingCard.h */ = {isa = PBXFileReference; fileEncoding = 4; lastKnownFileType = sourcecode.c.h; path = PlayingCard.h; sourceTree = "<group>"; };
		0B970B2F199376C9006D0358 /* PlayingCard.m */ = {isa = PBXFileReference; fileEncoding = 4; lastKnownFileType = sourcecode.c.objc; path = PlayingCard.m; sourceTree = "<group>"; };
		0B970B30199376C9006D0358 /* PlayingCardCell.h */ = {isa = PBXFileReference; fileEncoding = 4; lastKnownFileType = sourcecode.c.h; path = PlayingCardCell.h; sourceTree = "<group>"; };
		0B970B31199376C9006D0358 /* PlayingCardCell.m */ = {isa = PBXFileReference; fileEncoding = 4; lastKnownFileType = sourcecode.c.objc; path = PlayingCardCell.m; sourceTree = "<group>"; };
		0B9F71931994FF53003AE1BE /* homeBarcodeLogo.png */ = {isa = PBXFileReference; lastKnownFileType = image.png; path = homeBarcodeLogo.png; sourceTree = "<group>"; };
		0B9F71941994FF53003AE1BE /* homeIDLogo.png */ = {isa = PBXFileReference; lastKnownFileType = image.png; path = homeIDLogo.png; sourceTree = "<group>"; };
		0B9F71951994FF53003AE1BE /* homePaperClipLogo.png */ = {isa = PBXFileReference; lastKnownFileType = image.png; path = homePaperClipLogo.png; sourceTree = "<group>"; };
		0B9F71961994FF53003AE1BE /* homeReportsLogo.png */ = {isa = PBXFileReference; lastKnownFileType = image.png; path = homeReportsLogo.png; sourceTree = "<group>"; };
		0B9F71971994FF53003AE1BE /* homeSchuhLogo.png */ = {isa = PBXFileReference; lastKnownFileType = image.png; path = homeSchuhLogo.png; sourceTree = "<group>"; };
		0B9F71981994FF53003AE1BE /* homeSettingsLogoGrey.png */ = {isa = PBXFileReference; lastKnownFileType = image.png; path = homeSettingsLogoGrey.png; sourceTree = "<group>"; };
		0B9F71991994FF53003AE1BE /* homeSettingsLogoWhite.png */ = {isa = PBXFileReference; lastKnownFileType = image.png; path = homeSettingsLogoWhite.png; sourceTree = "<group>"; };
		0B9F719A1994FF53003AE1BE /* homeSyncGreen.png */ = {isa = PBXFileReference; lastKnownFileType = image.png; path = homeSyncGreen.png; sourceTree = "<group>"; };
		0B9F719B1994FF53003AE1BE /* homeSyncOrange.png */ = {isa = PBXFileReference; lastKnownFileType = image.png; path = homeSyncOrange.png; sourceTree = "<group>"; };
		0B9F719C1994FF53003AE1BE /* homeSyncRed.png */ = {isa = PBXFileReference; lastKnownFileType = image.png; path = homeSyncRed.png; sourceTree = "<group>"; };
		0B9F71A719950A5D003AE1BE /* homeChangeSettingsButton.png */ = {isa = PBXFileReference; lastKnownFileType = image.png; path = homeChangeSettingsButton.png; sourceTree = "<group>"; };
		0B9F71A819950A5D003AE1BE /* homeCollectionsButton.png */ = {isa = PBXFileReference; lastKnownFileType = image.png; path = homeCollectionsButton.png; sourceTree = "<group>"; };
		0B9F71A919950A5D003AE1BE /* homeCustomProductButton.png */ = {isa = PBXFileReference; lastKnownFileType = image.png; path = homeCustomProductButton.png; sourceTree = "<group>"; };
		0B9F71AA19950A5D003AE1BE /* homeRunAndViewReportsButton.png */ = {isa = PBXFileReference; lastKnownFileType = image.png; path = homeRunAndViewReportsButton.png; sourceTree = "<group>"; };
		0B9F71AF19951099003AE1BE /* schuhMenuIcon-S.png */ = {isa = PBXFileReference; lastKnownFileType = image.png; path = "schuhMenuIcon-S.png"; sourceTree = "<group>"; };
		0B9F71B119951730003AE1BE /* BaseViewController.h */ = {isa = PBXFileReference; fileEncoding = 4; lastKnownFileType = sourcecode.c.h; path = BaseViewController.h; sourceTree = "<group>"; };
		0B9F71B219951730003AE1BE /* BaseViewController.m */ = {isa = PBXFileReference; fileEncoding = 4; lastKnownFileType = sourcecode.c.objc; path = BaseViewController.m; sourceTree = "<group>"; };
		0BC036421993B5EB00B175AD /* ReportHomeViewController.h */ = {isa = PBXFileReference; fileEncoding = 4; lastKnownFileType = sourcecode.c.h; path = ReportHomeViewController.h; sourceTree = "<group>"; };
		0BC036431993B5EB00B175AD /* ReportHomeViewController.m */ = {isa = PBXFileReference; fileEncoding = 4; lastKnownFileType = sourcecode.c.objc; path = ReportHomeViewController.m; sourceTree = "<group>"; };
		0BC9562E198FDABD00CD45D5 /* Buyers.app */ = {isa = PBXFileReference; explicitFileType = wrapper.application; includeInIndex = 0; path = Buyers.app; sourceTree = BUILT_PRODUCTS_DIR; };
		0BC95631198FDABD00CD45D5 /* Foundation.framework */ = {isa = PBXFileReference; lastKnownFileType = wrapper.framework; name = Foundation.framework; path = System/Library/Frameworks/Foundation.framework; sourceTree = SDKROOT; };
		0BC95633198FDABD00CD45D5 /* CoreGraphics.framework */ = {isa = PBXFileReference; lastKnownFileType = wrapper.framework; name = CoreGraphics.framework; path = System/Library/Frameworks/CoreGraphics.framework; sourceTree = SDKROOT; };
		0BC95635198FDABD00CD45D5 /* UIKit.framework */ = {isa = PBXFileReference; lastKnownFileType = wrapper.framework; name = UIKit.framework; path = System/Library/Frameworks/UIKit.framework; sourceTree = SDKROOT; };
		0BC95639198FDABD00CD45D5 /* Buyers-Info.plist */ = {isa = PBXFileReference; lastKnownFileType = text.plist.xml; path = "Buyers-Info.plist"; sourceTree = "<group>"; };
		0BC9563B198FDABD00CD45D5 /* en */ = {isa = PBXFileReference; lastKnownFileType = text.plist.strings; name = en; path = en.lproj/InfoPlist.strings; sourceTree = "<group>"; };
		0BC9563D198FDABD00CD45D5 /* main.m */ = {isa = PBXFileReference; lastKnownFileType = sourcecode.c.objc; path = main.m; sourceTree = "<group>"; };
		0BC9563F198FDABD00CD45D5 /* Buyers-Prefix.pch */ = {isa = PBXFileReference; lastKnownFileType = sourcecode.c.h; path = "Buyers-Prefix.pch"; sourceTree = "<group>"; };
		0BC95640198FDABD00CD45D5 /* AppDelegate.h */ = {isa = PBXFileReference; lastKnownFileType = sourcecode.c.h; path = AppDelegate.h; sourceTree = "<group>"; };
		0BC95641198FDABD00CD45D5 /* AppDelegate.m */ = {isa = PBXFileReference; lastKnownFileType = sourcecode.c.objc; path = AppDelegate.m; sourceTree = "<group>"; };
		0BC95644198FDABD00CD45D5 /* Base */ = {isa = PBXFileReference; lastKnownFileType = file.storyboard; name = Base; path = Base.lproj/Main.storyboard; sourceTree = "<group>"; };
		0BC95649198FDABD00CD45D5 /* Images.xcassets */ = {isa = PBXFileReference; lastKnownFileType = folder.assetcatalog; path = Images.xcassets; sourceTree = "<group>"; };
		0BC9564F198FDABD00CD45D5 /* BuyersTests.xctest */ = {isa = PBXFileReference; explicitFileType = wrapper.cfbundle; includeInIndex = 0; path = BuyersTests.xctest; sourceTree = BUILT_PRODUCTS_DIR; };
		0BC95650198FDABD00CD45D5 /* XCTest.framework */ = {isa = PBXFileReference; lastKnownFileType = wrapper.framework; name = XCTest.framework; path = Library/Frameworks/XCTest.framework; sourceTree = DEVELOPER_DIR; };
		0BC95658198FDABD00CD45D5 /* BuyersTests-Info.plist */ = {isa = PBXFileReference; lastKnownFileType = text.plist.xml; path = "BuyersTests-Info.plist"; sourceTree = "<group>"; };
		0BC9565A198FDABD00CD45D5 /* en */ = {isa = PBXFileReference; lastKnownFileType = text.plist.strings; name = en; path = en.lproj/InfoPlist.strings; sourceTree = "<group>"; };
		0BC9565C198FDABD00CD45D5 /* BuyersTests.m */ = {isa = PBXFileReference; lastKnownFileType = sourcecode.c.objc; path = BuyersTests.m; sourceTree = "<group>"; };
		0BC95667198FDE3E00CD45D5 /* SWRevealViewController.h */ = {isa = PBXFileReference; fileEncoding = 4; lastKnownFileType = sourcecode.c.h; path = SWRevealViewController.h; sourceTree = "<group>"; };
		0BC95668198FDE3E00CD45D5 /* SWRevealViewController.m */ = {isa = PBXFileReference; fileEncoding = 4; lastKnownFileType = sourcecode.c.objc; path = SWRevealViewController.m; sourceTree = "<group>"; };
		0BC9566A1990CF3200CD45D5 /* CollectionListViewController.h */ = {isa = PBXFileReference; fileEncoding = 4; lastKnownFileType = sourcecode.c.h; path = CollectionListViewController.h; sourceTree = "<group>"; };
		0BC9566B1990CF3200CD45D5 /* CollectionListViewController.m */ = {isa = PBXFileReference; fileEncoding = 4; lastKnownFileType = sourcecode.c.objc; path = CollectionListViewController.m; sourceTree = "<group>"; };
		0BC956701990CF3200CD45D5 /* SidebarViewController.h */ = {isa = PBXFileReference; fileEncoding = 4; lastKnownFileType = sourcecode.c.h; path = SidebarViewController.h; sourceTree = "<group>"; };
		0BC956711990CF3200CD45D5 /* SidebarViewController.m */ = {isa = PBXFileReference; fileEncoding = 4; lastKnownFileType = sourcecode.c.objc; path = SidebarViewController.m; sourceTree = "<group>"; };
		0BC956761990F28500CD45D5 /* HomeViewController.h */ = {isa = PBXFileReference; fileEncoding = 4; lastKnownFileType = sourcecode.c.h; path = HomeViewController.h; sourceTree = "<group>"; };
		0BC956771990F28500CD45D5 /* HomeViewController.m */ = {isa = PBXFileReference; fileEncoding = 4; lastKnownFileType = sourcecode.c.objc; path = HomeViewController.m; sourceTree = "<group>"; };
		5B14383319ADE40800A68865 /* CollectionButton.h */ = {isa = PBXFileReference; fileEncoding = 4; lastKnownFileType = sourcecode.c.h; name = CollectionButton.h; path = Buyers/CollectionButton.h; sourceTree = "<group>"; };
		5B14383419ADE40800A68865 /* CollectionButton.m */ = {isa = PBXFileReference; fileEncoding = 4; lastKnownFileType = sourcecode.c.objc; name = CollectionButton.m; path = Buyers/CollectionButton.m; sourceTree = "<group>"; };
		5B35503019A49CF40031E33C /* CoreData.framework */ = {isa = PBXFileReference; lastKnownFileType = wrapper.framework; name = CoreData.framework; path = System/Library/Frameworks/CoreData.framework; sourceTree = SDKROOT; };
		5B35503319A49EFE0031E33C /* BuyersDataModel.xcdatamodel */ = {isa = PBXFileReference; lastKnownFileType = wrapper.xcdatamodel; path = BuyersDataModel.xcdatamodel; sourceTree = "<group>"; };
		5B65017719B0B518003F03F8 /* ProductCell.h */ = {isa = PBXFileReference; fileEncoding = 4; lastKnownFileType = sourcecode.c.h; path = ProductCell.h; sourceTree = "<group>"; };
		5B65017819B0B518003F03F8 /* ProductCell.m */ = {isa = PBXFileReference; fileEncoding = 4; lastKnownFileType = sourcecode.c.objc; path = ProductCell.m; sourceTree = "<group>"; };
		5B65017A19B60B3E003F03F8 /* 1159147370_main.jpg */ = {isa = PBXFileReference; lastKnownFileType = image.jpeg; path = 1159147370_main.jpg; sourceTree = "<group>"; };
		5B9FDD6B19AF55DC00CE75F0 /* 1159140970_main.jpg */ = {isa = PBXFileReference; lastKnownFileType = image.jpeg; path = 1159140970_main.jpg; sourceTree = "<group>"; };
		5BA0951819B61E5B006C1782 /* 1159074370_main.jpg */ = {isa = PBXFileReference; lastKnownFileType = image.jpeg; path = 1159074370_main.jpg; sourceTree = "<group>"; };
		5BA0951A19B61F07006C1782 /* 1159137970_main.jpg */ = {isa = PBXFileReference; lastKnownFileType = image.jpeg; path = 1159137970_main.jpg; sourceTree = "<group>"; };
		5BA0951C19B61FBE006C1782 /* 1106011160_main.jpg */ = {isa = PBXFileReference; lastKnownFileType = image.jpeg; path = 1106011160_main.jpg; sourceTree = "<group>"; };
		5BA0951E19B620AB006C1782 /* 1159061320_main.jpg */ = {isa = PBXFileReference; lastKnownFileType = image.jpeg; path = 1159061320_main.jpg; sourceTree = "<group>"; };
		5BA0952019B6212B006C1782 /* 1461031160_main.jpg */ = {isa = PBXFileReference; lastKnownFileType = image.jpeg; path = 1461031160_main.jpg; sourceTree = "<group>"; };
		5BB66B0819DEAC2300422E87 /* checkboxSML-checked@2x.png */ = {isa = PBXFileReference; lastKnownFileType = image.png; path = "checkboxSML-checked@2x.png"; sourceTree = "<group>"; };
		5BB66B0919DEAC2300422E87 /* checkboxSML@2x.png */ = {isa = PBXFileReference; lastKnownFileType = image.png; path = "checkboxSML@2x.png"; sourceTree = "<group>"; };
		5BB66B0E19DEACD500422E87 /* checkboxSML-checked.png */ = {isa = PBXFileReference; lastKnownFileType = image.png; path = "checkboxSML-checked.png"; sourceTree = "<group>"; };
		5BB66B0F19DEACD500422E87 /* checkboxSML.png */ = {isa = PBXFileReference; lastKnownFileType = image.png; path = checkboxSML.png; sourceTree = "<group>"; };
		5BDDAA2C19A5EA7600073B10 /* Settings.bundle */ = {isa = PBXFileReference; lastKnownFileType = "wrapper.plug-in"; path = Settings.bundle; sourceTree = "<group>"; };
		5BDDAA2E19A62B0C00073B10 /* NewCollectionViewController.h */ = {isa = PBXFileReference; fileEncoding = 4; lastKnownFileType = sourcecode.c.h; path = NewCollectionViewController.h; sourceTree = "<group>"; };
		5BDDAA2F19A62B0C00073B10 /* NewCollectionViewController.m */ = {isa = PBXFileReference; fileEncoding = 4; lastKnownFileType = sourcecode.c.objc; path = NewCollectionViewController.m; sourceTree = "<group>"; };
		C618D39F19DEEBC7005977D6 /* camera.png */ = {isa = PBXFileReference; lastKnownFileType = image.png; path = camera.png; sourceTree = "<group>"; };
		C618D3A119DEEC7F005977D6 /* gallery.png */ = {isa = PBXFileReference; lastKnownFileType = image.png; path = gallery.png; sourceTree = "<group>"; };
		C618D3A319DEF114005977D6 /* camera_lg.png */ = {isa = PBXFileReference; lastKnownFileType = image.png; path = camera_lg.png; sourceTree = "<group>"; };
		C6B9A79B19DD6A1900C832A1 /* AddNewProductViewController.h */ = {isa = PBXFileReference; fileEncoding = 4; lastKnownFileType = sourcecode.c.h; path = AddNewProductViewController.h; sourceTree = "<group>"; };
		C6B9A79C19DD6A1900C832A1 /* AddNewProductViewController.m */ = {isa = PBXFileReference; fileEncoding = 4; lastKnownFileType = sourcecode.c.objc; path = AddNewProductViewController.m; sourceTree = "<group>"; };
		C6B9A79D19DD6A1900C832A1 /* ProductNotesViewController.h */ = {isa = PBXFileReference; fileEncoding = 4; lastKnownFileType = sourcecode.c.h; path = ProductNotesViewController.h; sourceTree = "<group>"; };
		C6B9A79E19DD6A1900C832A1 /* ProductNotesViewController.m */ = {isa = PBXFileReference; fileEncoding = 4; lastKnownFileType = sourcecode.c.objc; path = ProductNotesViewController.m; sourceTree = "<group>"; };
		C6B9A79F19DD6A1900C832A1 /* ProductsViewController.h */ = {isa = PBXFileReference; fileEncoding = 4; lastKnownFileType = sourcecode.c.h; path = ProductsViewController.h; sourceTree = "<group>"; };
		C6B9A7A019DD6A1900C832A1 /* ProductsViewController.m */ = {isa = PBXFileReference; fileEncoding = 4; lastKnownFileType = sourcecode.c.objc; path = ProductsViewController.m; sourceTree = "<group>"; };
		C6B9A7A119DD6A1900C832A1 /* ProductViewController.h */ = {isa = PBXFileReference; fileEncoding = 4; lastKnownFileType = sourcecode.c.h; path = ProductViewController.h; sourceTree = "<group>"; };
		C6B9A7A219DD6A1900C832A1 /* ProductViewController.m */ = {isa = PBXFileReference; fileEncoding = 4; lastKnownFileType = sourcecode.c.objc; path = ProductViewController.m; sourceTree = "<group>"; };
		C6B9A7A719DD6A4C00C832A1 /* CollectionNotesViewController.h */ = {isa = PBXFileReference; fileEncoding = 4; lastKnownFileType = sourcecode.c.h; path = CollectionNotesViewController.h; sourceTree = "<group>"; };
		C6B9A7A819DD6A4C00C832A1 /* CollectionNotesViewController.m */ = {isa = PBXFileReference; fileEncoding = 4; lastKnownFileType = sourcecode.c.objc; path = CollectionNotesViewController.m; sourceTree = "<group>"; };
		C6B9A7AA19DD6AB800C832A1 /* ProductButton.h */ = {isa = PBXFileReference; fileEncoding = 4; lastKnownFileType = sourcecode.c.h; name = ProductButton.h; path = Buyers/ProductButton.h; sourceTree = "<group>"; };
		C6B9A7AB19DD6AB800C832A1 /* ProductButton.m */ = {isa = PBXFileReference; fileEncoding = 4; lastKnownFileType = sourcecode.c.objc; name = ProductButton.m; path = Buyers/ProductButton.m; sourceTree = "<group>"; };
		C6B9A7AD19DD6B5600C832A1 /* 1158985860_main.jpg */ = {isa = PBXFileReference; lastKnownFileType = image.jpeg; path = 1158985860_main.jpg; sourceTree = "<group>"; };
		C6B9A7AE19DD6B5600C832A1 /* 1159053670_main.jpg */ = {isa = PBXFileReference; lastKnownFileType = image.jpeg; path = 1159053670_main.jpg; sourceTree = "<group>"; };
		C6B9A7AF19DD6B5600C832A1 /* 1159155670_main.jpg */ = {isa = PBXFileReference; lastKnownFileType = image.jpeg; path = 1159155670_main.jpg; sourceTree = "<group>"; };
		C6B9A7B019DD6B5600C832A1 /* 1159167060_main.jpg */ = {isa = PBXFileReference; lastKnownFileType = image.jpeg; path = 1159167060_main.jpg; sourceTree = "<group>"; };
		C6B9A7B119DD6B5600C832A1 /* 1159167270_main.jpg */ = {isa = PBXFileReference; lastKnownFileType = image.jpeg; path = 1159167270_main.jpg; sourceTree = "<group>"; };
		C6B9A7B219DD6B5600C832A1 /* 1945097370_main.jpg */ = {isa = PBXFileReference; lastKnownFileType = image.jpeg; path = 1945097370_main.jpg; sourceTree = "<group>"; };
		C6B9A7B319DD6B5600C832A1 /* arrowDOWN.png */ = {isa = PBXFileReference; lastKnownFileType = image.png; path = arrowDOWN.png; sourceTree = "<group>"; };
		C6B9A7B419DD6B5600C832A1 /* arrowUP.png */ = {isa = PBXFileReference; lastKnownFileType = image.png; path = arrowUP.png; sourceTree = "<group>"; };
		C6B9A7B519DD6B5600C832A1 /* checkbox-checked.png */ = {isa = PBXFileReference; lastKnownFileType = image.png; path = "checkbox-checked.png"; sourceTree = "<group>"; };
		C6B9A7B619DD6B5600C832A1 /* checkbox-checked@2x.png */ = {isa = PBXFileReference; lastKnownFileType = image.png; path = "checkbox-checked@2x.png"; sourceTree = "<group>"; };
		C6B9A7B719DD6B5600C832A1 /* checkbox.png */ = {isa = PBXFileReference; lastKnownFileType = image.png; path = checkbox.png; sourceTree = "<group>"; };
		C6B9A7B819DD6B5600C832A1 /* checkbox@2x.png */ = {isa = PBXFileReference; lastKnownFileType = image.png; path = "checkbox@2x.png"; sourceTree = "<group>"; };
		C6B9A7C519DD737400C832A1 /* Collection.h */ = {isa = PBXFileReference; fileEncoding = 4; lastKnownFileType = sourcecode.c.h; name = Collection.h; path = Buyers/Collection.h; sourceTree = "<group>"; };
		C6B9A7C619DD737400C832A1 /* Collection.m */ = {isa = PBXFileReference; fileEncoding = 4; lastKnownFileType = sourcecode.c.objc; name = Collection.m; path = Buyers/Collection.m; sourceTree = "<group>"; };
		C6B9A7C819DD73AC00C832A1 /* ProductOrder.h */ = {isa = PBXFileReference; fileEncoding = 4; lastKnownFileType = sourcecode.c.h; name = ProductOrder.h; path = Buyers/ProductOrder.h; sourceTree = "<group>"; };
		C6B9A7C919DD73AC00C832A1 /* ProductOrder.m */ = {isa = PBXFileReference; fileEncoding = 4; lastKnownFileType = sourcecode.c.objc; name = ProductOrder.m; path = Buyers/ProductOrder.m; sourceTree = "<group>"; };
		C6B9A7CB19DD73AC00C832A1 /* Product.h */ = {isa = PBXFileReference; fileEncoding = 4; lastKnownFileType = sourcecode.c.h; name = Product.h; path = Buyers/Product.h; sourceTree = "<group>"; };
		C6B9A7CC19DD73AC00C832A1 /* Product.m */ = {isa = PBXFileReference; fileEncoding = 4; lastKnownFileType = sourcecode.c.objc; name = Product.m; path = Buyers/Product.m; sourceTree = "<group>"; };
		C6B9A7CE19DD73AC00C832A1 /* ProductCategory.h */ = {isa = PBXFileReference; fileEncoding = 4; lastKnownFileType = sourcecode.c.h; name = ProductCategory.h; path = Buyers/ProductCategory.h; sourceTree = "<group>"; };
		C6B9A7CF19DD73AC00C832A1 /* ProductCategory.m */ = {isa = PBXFileReference; fileEncoding = 4; lastKnownFileType = sourcecode.c.objc; name = ProductCategory.m; path = Buyers/ProductCategory.m; sourceTree = "<group>"; };
/* End PBXFileReference section */

/* Begin PBXFrameworksBuildPhase section */
		0BC9562B198FDABD00CD45D5 /* Frameworks */ = {
			isa = PBXFrameworksBuildPhase;
			buildActionMask = 2147483647;
			files = (
				0B288AC219BE032C00F62B63 /* SystemConfiguration.framework in Frameworks */,
				5B35503119A49CF40031E33C /* CoreData.framework in Frameworks */,
				0BC95634198FDABD00CD45D5 /* CoreGraphics.framework in Frameworks */,
				0BC95636198FDABD00CD45D5 /* UIKit.framework in Frameworks */,
				0BC95632198FDABD00CD45D5 /* Foundation.framework in Frameworks */,
			);
			runOnlyForDeploymentPostprocessing = 0;
		};
		0BC9564C198FDABD00CD45D5 /* Frameworks */ = {
			isa = PBXFrameworksBuildPhase;
			buildActionMask = 2147483647;
			files = (
				0BC95651198FDABD00CD45D5 /* XCTest.framework in Frameworks */,
				0BC95653198FDABD00CD45D5 /* UIKit.framework in Frameworks */,
				0BC95652198FDABD00CD45D5 /* Foundation.framework in Frameworks */,
			);
			runOnlyForDeploymentPostprocessing = 0;
		};
/* End PBXFrameworksBuildPhase section */

/* Begin PBXGroup section */
		0B7630931998DDC400949155 /* CustomProducts */ = {
			isa = PBXGroup;
			children = (
				0B7630941998DDEC00949155 /* CustomHomeViewController.h */,
				0B7630951998DDEC00949155 /* CustomHomeViewController.m */,
			);
			name = CustomProducts;
			sourceTree = "<group>";
		};
		0B7630A719A2479B00949155 /* reportTemplate */ = {
			isa = PBXGroup;
			children = (
				0B288A7119B9C81200F62B63 /* BusinessReview.html */,
				0B7630A819A247DF00949155 /* OrderVsIntake.html */,
			);
			name = reportTemplate;
			sourceTree = "<group>";
		};
		0B970AF1199376C9006D0358 /* Images */ = {
			isa = PBXGroup;
			children = (
				C618D3A319DEF114005977D6 /* camera_lg.png */,
				C618D3A119DEEC7F005977D6 /* gallery.png */,
				C618D39F19DEEBC7005977D6 /* camera.png */,
				0B288AC319BEEE7700F62B63 /* homeSyncGreen2.png */,
				0B76309D199CB7D200949155 /* leftArrowButtonBG.png */,
				0B76309E199CB7D200949155 /* rightArrowButtonBG.png */,
				0B9F71AF19951099003AE1BE /* schuhMenuIcon-S.png */,
				0B9F71A719950A5D003AE1BE /* homeChangeSettingsButton.png */,
				0B9F71A819950A5D003AE1BE /* homeCollectionsButton.png */,
				0B9F71A919950A5D003AE1BE /* homeCustomProductButton.png */,
				0B9F71AA19950A5D003AE1BE /* homeRunAndViewReportsButton.png */,
				0B9F71931994FF53003AE1BE /* homeBarcodeLogo.png */,
				0B9F71941994FF53003AE1BE /* homeIDLogo.png */,
				0B9F71951994FF53003AE1BE /* homePaperClipLogo.png */,
				0B9F71961994FF53003AE1BE /* homeReportsLogo.png */,
				0B9F71971994FF53003AE1BE /* homeSchuhLogo.png */,
				0B9F71981994FF53003AE1BE /* homeSettingsLogoGrey.png */,
				0B9F71991994FF53003AE1BE /* homeSettingsLogoWhite.png */,
				0B9F719A1994FF53003AE1BE /* homeSyncGreen.png */,
				0B9F719B1994FF53003AE1BE /* homeSyncOrange.png */,
				0B9F719C1994FF53003AE1BE /* homeSyncRed.png */,
				0B970AF2199376C9006D0358 /* cards_png */,
			);
			path = Images;
			sourceTree = "<group>";
		};
		0B970AF2199376C9006D0358 /* cards_png */ = {
			isa = PBXGroup;
			children = (
				0B970AF3199376C9006D0358 /* c1.png */,
				0B970AF4199376C9006D0358 /* c10.png */,
				0B970AF5199376C9006D0358 /* c11.png */,
				0B970AF6199376C9006D0358 /* c12.png */,
				0B970AF7199376C9006D0358 /* c13.png */,
				0B970AF8199376C9006D0358 /* c2.png */,
				0B970AF9199376C9006D0358 /* c3.png */,
				0B970AFA199376C9006D0358 /* c4.png */,
				0B970AFB199376C9006D0358 /* c5.png */,
				0B970AFC199376C9006D0358 /* c6.png */,
				0B970AFD199376C9006D0358 /* c7.png */,
				0B970AFE199376C9006D0358 /* c8.png */,
				0B970AFF199376C9006D0358 /* c9.png */,
				0B970B00199376C9006D0358 /* d1.png */,
				0B970B01199376C9006D0358 /* d10.png */,
				0B970B02199376C9006D0358 /* d11.png */,
				0B970B03199376C9006D0358 /* d12.png */,
				0B970B04199376C9006D0358 /* d13.png */,
				0B970B05199376C9006D0358 /* d2.png */,
				0B970B06199376C9006D0358 /* d3.png */,
				0B970B07199376C9006D0358 /* d4.png */,
				0B970B08199376C9006D0358 /* d5.png */,
				0B970B09199376C9006D0358 /* d6.png */,
				0B970B0A199376C9006D0358 /* d7.png */,
				0B970B0B199376C9006D0358 /* d8.png */,
				0B970B0C199376C9006D0358 /* d9.png */,
				0B970B0D199376C9006D0358 /* ec.png */,
				0B970B0E199376C9006D0358 /* h1.png */,
				0B970B0F199376C9006D0358 /* h10.png */,
				0B970B10199376C9006D0358 /* h11.png */,
				0B970B11199376C9006D0358 /* h12.png */,
				0B970B12199376C9006D0358 /* h13.png */,
				0B970B13199376C9006D0358 /* h2.png */,
				0B970B14199376C9006D0358 /* h3.png */,
				0B970B15199376C9006D0358 /* h4.png */,
				0B970B16199376C9006D0358 /* h5.png */,
				0B970B17199376C9006D0358 /* h6.png */,
				0B970B18199376C9006D0358 /* h7.png */,
				0B970B19199376C9006D0358 /* h8.png */,
				0B970B1A199376C9006D0358 /* h9.png */,
				0B970B1B199376C9006D0358 /* README.md */,
				0B970B1C199376C9006D0358 /* s1.png */,
				0B970B1D199376C9006D0358 /* s10.png */,
				0B970B1E199376C9006D0358 /* s11.png */,
				0B970B1F199376C9006D0358 /* s12.png */,
				0B970B20199376C9006D0358 /* s13.png */,
				0B970B21199376C9006D0358 /* s2.png */,
				0B970B22199376C9006D0358 /* s3.png */,
				0B970B23199376C9006D0358 /* s4.png */,
				0B970B24199376C9006D0358 /* s5.png */,
				0B970B25199376C9006D0358 /* s6.png */,
				0B970B26199376C9006D0358 /* s7.png */,
				0B970B27199376C9006D0358 /* s8.png */,
				0B970B28199376C9006D0358 /* s9.png */,
			);
			path = cards_png;
			sourceTree = "<group>";
		};
		0B970B2B199376C9006D0358 /* LXReorderableCollectionViewFlowLayout */ = {
			isa = PBXGroup;
			children = (
				0B970B2C199376C9006D0358 /* LXReorderableCollectionViewFlowLayout.h */,
				0B970B2D199376C9006D0358 /* LXReorderableCollectionViewFlowLayout.m */,
			);
			path = LXReorderableCollectionViewFlowLayout;
			sourceTree = "<group>";
		};
		0B970B6C199376E3006D0358 /* Collections */ = {
			isa = PBXGroup;
			children = (
				C6B9A7A719DD6A4C00C832A1 /* CollectionNotesViewController.h */,
				C6B9A7A819DD6A4C00C832A1 /* CollectionNotesViewController.m */,
				C6B9A79B19DD6A1900C832A1 /* AddNewProductViewController.h */,
				C6B9A79C19DD6A1900C832A1 /* AddNewProductViewController.m */,
				C6B9A79D19DD6A1900C832A1 /* ProductNotesViewController.h */,
				C6B9A79E19DD6A1900C832A1 /* ProductNotesViewController.m */,
				C6B9A79F19DD6A1900C832A1 /* ProductsViewController.h */,
				C6B9A7A019DD6A1900C832A1 /* ProductsViewController.m */,
				C6B9A7A119DD6A1900C832A1 /* ProductViewController.h */,
				C6B9A7A219DD6A1900C832A1 /* ProductViewController.m */,
				0B970B29199376C9006D0358 /* CollectionViewController.h */,
				0B970B2A199376C9006D0358 /* CollectionViewController.m */,
				0BC9566A1990CF3200CD45D5 /* CollectionListViewController.h */,
				0BC9566B1990CF3200CD45D5 /* CollectionListViewController.m */,
				5BDDAA2E19A62B0C00073B10 /* NewCollectionViewController.h */,
				5BDDAA2F19A62B0C00073B10 /* NewCollectionViewController.m */,
			);
			name = Collections;
			sourceTree = "<group>";
		};
		0B970B6D199376ED006D0358 /* Reports */ = {
			isa = PBXGroup;
			children = (
				0B7630A719A2479B00949155 /* reportTemplate */,
				0BC036421993B5EB00B175AD /* ReportHomeViewController.h */,
				0BC036431993B5EB00B175AD /* ReportHomeViewController.m */,
				0B7630A1199E0BCD00949155 /* OrderVsIntakeReportViewController.h */,
				0B7630A2199E0BCD00949155 /* OrderVsIntakeReportViewController.m */,
				0B288A7319B9C83600F62B63 /* BusinessReviewReportControllerViewController.h */,
				0B288A7419B9C83600F62B63 /* BusinessReviewReportControllerViewController.m */,
				0B7630A419A2121700949155 /* ReportViewController.h */,
				0B7630A519A2121700949155 /* ReportViewController.m */,
			);
			name = Reports;
			sourceTree = "<group>";
		};
		0B970B6E199376F4006D0358 /* Settings */ = {
			isa = PBXGroup;
			children = (
				0B7630971998DE0100949155 /* SettingsHomeViewController.h */,
				0B7630981998DE0100949155 /* SettingsHomeViewController.m */,
			);
			name = Settings;
			sourceTree = "<group>";
		};
		0B970B6F1993770E006D0358 /* Classes */ = {
			isa = PBXGroup;
			children = (
				0B288ABE19BE031400F62B63 /* Reachability.h */,
				0B288ABF19BE031400F62B63 /* Reachability.m */,
				0B288A6B19B9C80B00F62B63 /* SchDropDown.h */,
				0B288A6C19B9C80B00F62B63 /* SchDropDown.m */,
				0B288A6D19B9C80B00F62B63 /* SchPDFView.h */,
				0B288A6E19B9C80B00F62B63 /* SchPDFView.m */,
				0B76309A199A31F700949155 /* SchTextField.h */,
				0B76309B199A31F700949155 /* SchTextField.m */,
				0B970B2E199376C9006D0358 /* PlayingCard.h */,
				0B970B2F199376C9006D0358 /* PlayingCard.m */,
				0B970B30199376C9006D0358 /* PlayingCardCell.h */,
				0B970B31199376C9006D0358 /* PlayingCardCell.m */,
				0B9F71B119951730003AE1BE /* BaseViewController.h */,
				0B9F71B219951730003AE1BE /* BaseViewController.m */,
				5B65017719B0B518003F03F8 /* ProductCell.h */,
				5B65017819B0B518003F03F8 /* ProductCell.m */,
				0B288A7519B9C83600F62B63 /* Report.h */,
				0B288A7619B9C83600F62B63 /* Report.m */,
				0B288A7F19B9E73300F62B63 /* Sync.h */,
				0B288A8019B9E73300F62B63 /* Sync.m */,
				0B523EB319DEB32A0079EB25 /* BaseNavigationController.h */,
				0B523EB419DEB32A0079EB25 /* BaseNavigationController.m */,
			);
			name = Classes;
			sourceTree = "<group>";
		};
		0BC95625198FDABD00CD45D5 = {
			isa = PBXGroup;
			children = (
				5BB66B0E19DEACD500422E87 /* checkboxSML-checked.png */,
				5BB66B0F19DEACD500422E87 /* checkboxSML.png */,
				5BB66B0819DEAC2300422E87 /* checkboxSML-checked@2x.png */,
				5BB66B0919DEAC2300422E87 /* checkboxSML@2x.png */,
				C6B9A7C519DD737400C832A1 /* Collection.h */,
				C6B9A7C619DD737400C832A1 /* Collection.m */,
				C6B9A7AD19DD6B5600C832A1 /* 1158985860_main.jpg */,
				C6B9A7AE19DD6B5600C832A1 /* 1159053670_main.jpg */,
				C6B9A7AF19DD6B5600C832A1 /* 1159155670_main.jpg */,
				C6B9A7B019DD6B5600C832A1 /* 1159167060_main.jpg */,
				C6B9A7B119DD6B5600C832A1 /* 1159167270_main.jpg */,
				C6B9A7B219DD6B5600C832A1 /* 1945097370_main.jpg */,
				C6B9A7B319DD6B5600C832A1 /* arrowDOWN.png */,
				C6B9A7B419DD6B5600C832A1 /* arrowUP.png */,
				C6B9A7B519DD6B5600C832A1 /* checkbox-checked.png */,
				C6B9A7B619DD6B5600C832A1 /* checkbox-checked@2x.png */,
				C6B9A7B719DD6B5600C832A1 /* checkbox.png */,
				C6B9A7B819DD6B5600C832A1 /* checkbox@2x.png */,
				C6B9A7AA19DD6AB800C832A1 /* ProductButton.h */,
				C6B9A7AB19DD6AB800C832A1 /* ProductButton.m */,
				5BA0952019B6212B006C1782 /* 1461031160_main.jpg */,
				5BA0951E19B620AB006C1782 /* 1159061320_main.jpg */,
				5BA0951C19B61FBE006C1782 /* 1106011160_main.jpg */,
				5BA0951A19B61F07006C1782 /* 1159137970_main.jpg */,
				5BA0951819B61E5B006C1782 /* 1159074370_main.jpg */,
				5B65017A19B60B3E003F03F8 /* 1159147370_main.jpg */,
				5B9FDD6B19AF55DC00CE75F0 /* 1159140970_main.jpg */,
				5B14383319ADE40800A68865 /* CollectionButton.h */,
				5B14383419ADE40800A68865 /* CollectionButton.m */,
				5BDDAA2C19A5EA7600073B10 /* Settings.bundle */,
				0B288AA019B9F74700F62B63 /* SyncStatus.h */,
				0B288AA119B9F74700F62B63 /* SyncStatus.m */,
				0B92CDBF19D046A6007B7FDB /* CalYearWeek.h */,
				0B92CDC019D046A6007B7FDB /* CalYearWeek.m */,
				5B35503219A49EFE0031E33C /* BuyersDataModel.xcdatamodeld */,
				C6B9A7CE19DD73AC00C832A1 /* ProductCategory.h */,
				C6B9A7CF19DD73AC00C832A1 /* ProductCategory.m */,
				C6B9A7CB19DD73AC00C832A1 /* Product.h */,
				C6B9A7CC19DD73AC00C832A1 /* Product.m */,
				C6B9A7C819DD73AC00C832A1 /* ProductOrder.h */,
				C6B9A7C919DD73AC00C832A1 /* ProductOrder.m */,
				0B523EB019DD5EC20079EB25 /* Department.h */,
				0B523EB119DD5EC20079EB25 /* Department.m */,
				0B523EAD19DD5EC10079EB25 /* Merch.h */,
				0B523EAE19DD5EC10079EB25 /* Merch.m */,
				0B92CDC819D1C569007B7FDB /* ReportOrderVsIntake.h */,
				0B92CDC919D1C569007B7FDB /* ReportOrderVsIntake.m */,
				0B288ABB19BDF06500F62B63 /* Brand.h */,
				0B288ABC19BDF06500F62B63 /* Brand.m */,
				0B288A9119B9EFBF00F62B63 /* Supplier.h */,
				0B288A9219B9EFBF00F62B63 /* Supplier.m */,
				0B288A8E19B9EFBF00F62B63 /* Material.h */,
				0B288A8F19B9EFBF00F62B63 /* Material.m */,
				0B288A8819B9EFBF00F62B63 /* Colour.h */,
				0B288A8919B9EFBF00F62B63 /* Colour.m */,
				0B288A8219B9EFBF00F62B63 /* Image.h */,
				0B288A8319B9EFBF00F62B63 /* Image.m */,
				0BC95637198FDABD00CD45D5 /* Buyers */,
				0BC95656198FDABD00CD45D5 /* BuyersTests */,
				0BC95630198FDABD00CD45D5 /* Frameworks */,
				0BC9562F198FDABD00CD45D5 /* Products */,
			);
			sourceTree = "<group>";
		};
		0BC9562F198FDABD00CD45D5 /* Products */ = {
			isa = PBXGroup;
			children = (
				0BC9562E198FDABD00CD45D5 /* Buyers.app */,
				0BC9564F198FDABD00CD45D5 /* BuyersTests.xctest */,
			);
			name = Products;
			sourceTree = "<group>";
		};
		0BC95630198FDABD00CD45D5 /* Frameworks */ = {
			isa = PBXGroup;
			children = (
				0B288AC119BE032C00F62B63 /* SystemConfiguration.framework */,
				5B35503019A49CF40031E33C /* CoreData.framework */,
				0BC95631198FDABD00CD45D5 /* Foundation.framework */,
				0BC95633198FDABD00CD45D5 /* CoreGraphics.framework */,
				0BC95635198FDABD00CD45D5 /* UIKit.framework */,
				0BC95650198FDABD00CD45D5 /* XCTest.framework */,
			);
			name = Frameworks;
			sourceTree = "<group>";
		};
		0BC95637198FDABD00CD45D5 /* Buyers */ = {
			isa = PBXGroup;
			children = (
				0B970B6F1993770E006D0358 /* Classes */,
				0B7630931998DDC400949155 /* CustomProducts */,
				0B970B6C199376E3006D0358 /* Collections */,
				0B970B6D199376ED006D0358 /* Reports */,
				0B970B6E199376F4006D0358 /* Settings */,
				0BC956761990F28500CD45D5 /* HomeViewController.h */,
				0BC956771990F28500CD45D5 /* HomeViewController.m */,
				0BC956701990CF3200CD45D5 /* SidebarViewController.h */,
				0BC956711990CF3200CD45D5 /* SidebarViewController.m */,
				0BC95640198FDABD00CD45D5 /* AppDelegate.h */,
				0BC95641198FDABD00CD45D5 /* AppDelegate.m */,
				0BC95643198FDABD00CD45D5 /* Main.storyboard */,
				0BC95649198FDABD00CD45D5 /* Images.xcassets */,
				0B970AF1199376C9006D0358 /* Images */,
				0B970B2B199376C9006D0358 /* LXReorderableCollectionViewFlowLayout */,
				0BC95666198FDE3E00CD45D5 /* SWRevealViewController */,
				0BC95638198FDABD00CD45D5 /* Supporting Files */,
			);
			path = Buyers;
			sourceTree = "<group>";
		};
		0BC95638198FDABD00CD45D5 /* Supporting Files */ = {
			isa = PBXGroup;
			children = (
				0BC95639198FDABD00CD45D5 /* Buyers-Info.plist */,
				0BC9563A198FDABD00CD45D5 /* InfoPlist.strings */,
				0BC9563D198FDABD00CD45D5 /* main.m */,
				0BC9563F198FDABD00CD45D5 /* Buyers-Prefix.pch */,
			);
			name = "Supporting Files";
			sourceTree = "<group>";
		};
		0BC95656198FDABD00CD45D5 /* BuyersTests */ = {
			isa = PBXGroup;
			children = (
				0BC9565C198FDABD00CD45D5 /* BuyersTests.m */,
				0BC95657198FDABD00CD45D5 /* Supporting Files */,
			);
			path = BuyersTests;
			sourceTree = "<group>";
		};
		0BC95657198FDABD00CD45D5 /* Supporting Files */ = {
			isa = PBXGroup;
			children = (
				0BC95658198FDABD00CD45D5 /* BuyersTests-Info.plist */,
				0BC95659198FDABD00CD45D5 /* InfoPlist.strings */,
			);
			name = "Supporting Files";
			sourceTree = "<group>";
		};
		0BC95666198FDE3E00CD45D5 /* SWRevealViewController */ = {
			isa = PBXGroup;
			children = (
				0BC95667198FDE3E00CD45D5 /* SWRevealViewController.h */,
				0BC95668198FDE3E00CD45D5 /* SWRevealViewController.m */,
			);
			path = SWRevealViewController;
			sourceTree = "<group>";
		};
/* End PBXGroup section */

/* Begin PBXNativeTarget section */
		0BC9562D198FDABD00CD45D5 /* Buyers */ = {
			isa = PBXNativeTarget;
			buildConfigurationList = 0BC95660198FDABD00CD45D5 /* Build configuration list for PBXNativeTarget "Buyers" */;
			buildPhases = (
				0BC9562A198FDABD00CD45D5 /* Sources */,
				0BC9562B198FDABD00CD45D5 /* Frameworks */,
				0BC9562C198FDABD00CD45D5 /* Resources */,
			);
			buildRules = (
			);
			dependencies = (
			);
			name = Buyers;
			productName = Buyers;
			productReference = 0BC9562E198FDABD00CD45D5 /* Buyers.app */;
			productType = "com.apple.product-type.application";
		};
		0BC9564E198FDABD00CD45D5 /* BuyersTests */ = {
			isa = PBXNativeTarget;
			buildConfigurationList = 0BC95663198FDABD00CD45D5 /* Build configuration list for PBXNativeTarget "BuyersTests" */;
			buildPhases = (
				0BC9564B198FDABD00CD45D5 /* Sources */,
				0BC9564C198FDABD00CD45D5 /* Frameworks */,
				0BC9564D198FDABD00CD45D5 /* Resources */,
			);
			buildRules = (
			);
			dependencies = (
				0BC95655198FDABD00CD45D5 /* PBXTargetDependency */,
			);
			name = BuyersTests;
			productName = BuyersTests;
			productReference = 0BC9564F198FDABD00CD45D5 /* BuyersTests.xctest */;
			productType = "com.apple.product-type.bundle.unit-test";
		};
/* End PBXNativeTarget section */

/* Begin PBXProject section */
		0BC95626198FDABD00CD45D5 /* Project object */ = {
			isa = PBXProject;
			attributes = {
				LastUpgradeCheck = 0510;
				ORGANIZATIONNAME = schuh;
				TargetAttributes = {
					0BC9562D198FDABD00CD45D5 = {
						DevelopmentTeam = 5WXW793KVM;
					};
					0BC9564E198FDABD00CD45D5 = {
						TestTargetID = 0BC9562D198FDABD00CD45D5;
					};
				};
			};
			buildConfigurationList = 0BC95629198FDABD00CD45D5 /* Build configuration list for PBXProject "Buyers" */;
			compatibilityVersion = "Xcode 3.2";
			developmentRegion = English;
			hasScannedForEncodings = 0;
			knownRegions = (
				en,
				Base,
			);
			mainGroup = 0BC95625198FDABD00CD45D5;
			productRefGroup = 0BC9562F198FDABD00CD45D5 /* Products */;
			projectDirPath = "";
			projectRoot = "";
			targets = (
				0BC9562D198FDABD00CD45D5 /* Buyers */,
				0BC9564E198FDABD00CD45D5 /* BuyersTests */,
			);
		};
/* End PBXProject section */

/* Begin PBXResourcesBuildPhase section */
		0BC9562C198FDABD00CD45D5 /* Resources */ = {
			isa = PBXResourcesBuildPhase;
			buildActionMask = 2147483647;
			files = (
				0B970B62199376C9006D0358 /* s4.png in Resources */,
				5BB66B1119DEACD500422E87 /* checkboxSML.png in Resources */,
				C6B9A7BD19DD6B5600C832A1 /* 1159167270_main.jpg in Resources */,
				C6B9A7C119DD6B5600C832A1 /* checkbox-checked.png in Resources */,
				5BA0951B19B61F07006C1782 /* 1159137970_main.jpg in Resources */,
				0B288AC419BEEE7700F62B63 /* homeSyncGreen2.png in Resources */,
				5B9FDD6C19AF55DC00CE75F0 /* 1159140970_main.jpg in Resources */,
				0B970B5E199376C9006D0358 /* s12.png in Resources */,
				0B970B3B199376C9006D0358 /* c6.png in Resources */,
				0B970B46199376C9006D0358 /* d4.png in Resources */,
				5BB66B1019DEACD500422E87 /* checkboxSML-checked.png in Resources */,
				0B970B44199376C9006D0358 /* d2.png in Resources */,
				0B970B4E199376C9006D0358 /* h10.png in Resources */,
				0B9F71AC19950A5D003AE1BE /* homeCollectionsButton.png in Resources */,
				0B970B59199376C9006D0358 /* h9.png in Resources */,
				C6B9A7B919DD6B5600C832A1 /* 1158985860_main.jpg in Resources */,
				0BC9564A198FDABD00CD45D5 /* Images.xcassets in Resources */,
				C618D3A419DEF114005977D6 /* camera_lg.png in Resources */,
				0B970B36199376C9006D0358 /* c13.png in Resources */,
				0B9F71A41994FF53003AE1BE /* homeSyncGreen.png in Resources */,
				0B970B4F199376C9006D0358 /* h11.png in Resources */,
				0B9F71A21994FF53003AE1BE /* homeSettingsLogoGrey.png in Resources */,
				0B7630A0199CB7D200949155 /* rightArrowButtonBG.png in Resources */,
				C6B9A7BF19DD6B5600C832A1 /* arrowDOWN.png in Resources */,
				0B970B52199376C9006D0358 /* h2.png in Resources */,
				0B970B60199376C9006D0358 /* s2.png in Resources */,
				0B970B47199376C9006D0358 /* d5.png in Resources */,
				0B9F71A11994FF53003AE1BE /* homeSchuhLogo.png in Resources */,
				5BB66B0B19DEAC2300422E87 /* checkboxSML-checked@2x.png in Resources */,
				0B970B54199376C9006D0358 /* h4.png in Resources */,
				0B970B32199376C9006D0358 /* c1.png in Resources */,
				5BDDAA2D19A5EA7600073B10 /* Settings.bundle in Resources */,
				0B970B65199376C9006D0358 /* s7.png in Resources */,
				0B970B41199376C9006D0358 /* d11.png in Resources */,
				0B970B57199376C9006D0358 /* h7.png in Resources */,
				0B76309F199CB7D200949155 /* leftArrowButtonBG.png in Resources */,
				0B970B5C199376C9006D0358 /* s10.png in Resources */,
				C6B9A7BB19DD6B5600C832A1 /* 1159155670_main.jpg in Resources */,
				0B7630A919A247DF00949155 /* OrderVsIntake.html in Resources */,
				0B970B58199376C9006D0358 /* h8.png in Resources */,
				0B9F719E1994FF53003AE1BE /* homeIDLogo.png in Resources */,
				C6B9A7C219DD6B5600C832A1 /* checkbox-checked@2x.png in Resources */,
				C6B9A7C319DD6B5600C832A1 /* checkbox.png in Resources */,
				0BC9563C198FDABD00CD45D5 /* InfoPlist.strings in Resources */,
				0B9F71A31994FF53003AE1BE /* homeSettingsLogoWhite.png in Resources */,
				0B9F71A01994FF53003AE1BE /* homeReportsLogo.png in Resources */,
				0B970B64199376C9006D0358 /* s6.png in Resources */,
				0B970B55199376C9006D0358 /* h5.png in Resources */,
				0B970B3E199376C9006D0358 /* c9.png in Resources */,
				C6B9A7BC19DD6B5600C832A1 /* 1159167060_main.jpg in Resources */,
				C6B9A7C419DD6B5600C832A1 /* checkbox@2x.png in Resources */,
				0B970B56199376C9006D0358 /* h6.png in Resources */,
				5BA0951F19B620AB006C1782 /* 1159061320_main.jpg in Resources */,
				0B970B3D199376C9006D0358 /* c8.png in Resources */,
				0B970B3F199376C9006D0358 /* d1.png in Resources */,
				C6B9A7C019DD6B5600C832A1 /* arrowUP.png in Resources */,
				0B970B35199376C9006D0358 /* c12.png in Resources */,
				0B970B63199376C9006D0358 /* s5.png in Resources */,
				0B9F71AB19950A5D003AE1BE /* homeChangeSettingsButton.png in Resources */,
				0B970B49199376C9006D0358 /* d7.png in Resources */,
				0B970B48199376C9006D0358 /* d6.png in Resources */,
				0B970B53199376C9006D0358 /* h3.png in Resources */,
				0B970B5B199376C9006D0358 /* s1.png in Resources */,
				0B970B5D199376C9006D0358 /* s11.png in Resources */,
				0B970B4C199376C9006D0358 /* ec.png in Resources */,
				0B9F71A61994FF53003AE1BE /* homeSyncRed.png in Resources */,
				0B970B3A199376C9006D0358 /* c5.png in Resources */,
				0B970B3C199376C9006D0358 /* c7.png in Resources */,
				C618D3A019DEEBC7005977D6 /* camera.png in Resources */,
				0B970B4A199376C9006D0358 /* d8.png in Resources */,
				0B970B67199376C9006D0358 /* s9.png in Resources */,
				0B970B43199376C9006D0358 /* d13.png in Resources */,
				0B970B61199376C9006D0358 /* s3.png in Resources */,
				0B9F71A51994FF53003AE1BE /* homeSyncOrange.png in Resources */,
				0B970B38199376C9006D0358 /* c3.png in Resources */,
				0B970B50199376C9006D0358 /* h12.png in Resources */,
				5BA0951D19B61FBE006C1782 /* 1106011160_main.jpg in Resources */,
				0B9F71AE19950A5D003AE1BE /* homeRunAndViewReportsButton.png in Resources */,
				0B970B42199376C9006D0358 /* d12.png in Resources */,
				0B970B37199376C9006D0358 /* c2.png in Resources */,
				0B9F719F1994FF53003AE1BE /* homePaperClipLogo.png in Resources */,
				0B970B66199376C9006D0358 /* s8.png in Resources */,
				0B970B39199376C9006D0358 /* c4.png in Resources */,
				5B65017B19B60B3E003F03F8 /* 1159147370_main.jpg in Resources */,
				0B288A7219B9C81300F62B63 /* BusinessReview.html in Resources */,
				0B970B34199376C9006D0358 /* c11.png in Resources */,
				C6B9A7BA19DD6B5600C832A1 /* 1159053670_main.jpg in Resources */,
				0B970B40199376C9006D0358 /* d10.png in Resources */,
				5BA0952119B6212B006C1782 /* 1461031160_main.jpg in Resources */,
				C6B9A7BE19DD6B5600C832A1 /* 1945097370_main.jpg in Resources */,
				0B970B45199376C9006D0358 /* d3.png in Resources */,
				0BC95645198FDABD00CD45D5 /* Main.storyboard in Resources */,
				0B970B5F199376C9006D0358 /* s13.png in Resources */,
				0B970B51199376C9006D0358 /* h13.png in Resources */,
				0B970B4D199376C9006D0358 /* h1.png in Resources */,
				5BB66B0C19DEAC2300422E87 /* checkboxSML@2x.png in Resources */,
				0B9F719D1994FF53003AE1BE /* homeBarcodeLogo.png in Resources */,
				0B970B4B199376C9006D0358 /* d9.png in Resources */,
				0B970B5A199376C9006D0358 /* README.md in Resources */,
				0B970B33199376C9006D0358 /* c10.png in Resources */,
				0B9F71AD19950A5D003AE1BE /* homeCustomProductButton.png in Resources */,
				C618D3A219DEEC7F005977D6 /* gallery.png in Resources */,
				5BA0951919B61E5B006C1782 /* 1159074370_main.jpg in Resources */,
				0B9F71B019951099003AE1BE /* schuhMenuIcon-S.png in Resources */,
			);
			runOnlyForDeploymentPostprocessing = 0;
		};
		0BC9564D198FDABD00CD45D5 /* Resources */ = {
			isa = PBXResourcesBuildPhase;
			buildActionMask = 2147483647;
			files = (
				0BC9565B198FDABD00CD45D5 /* InfoPlist.strings in Resources */,
			);
			runOnlyForDeploymentPostprocessing = 0;
		};
/* End PBXResourcesBuildPhase section */

/* Begin PBXSourcesBuildPhase section */
		0BC9562A198FDABD00CD45D5 /* Sources */ = {
			isa = PBXSourcesBuildPhase;
			buildActionMask = 2147483647;
			files = (
				0B7630991998DE0100949155 /* SettingsHomeViewController.m in Sources */,
				5B35503419A49EFE0031E33C /* BuyersDataModel.xcdatamodeld in Sources */,
				C6B9A7A319DD6A1900C832A1 /* AddNewProductViewController.m in Sources */,
				C6B9A7A419DD6A1900C832A1 /* ProductNotesViewController.m in Sources */,
				0B970B6B199376C9006D0358 /* PlayingCardCell.m in Sources */,
				0BC95642198FDABD00CD45D5 /* AppDelegate.m in Sources */,
				5BDDAA3019A62B0C00073B10 /* NewCollectionViewController.m in Sources */,
				0B288AC019BE031400F62B63 /* Reachability.m in Sources */,
				0B523EB519DEB32A0079EB25 /* BaseNavigationController.m in Sources */,
				0B92CDC119D046A6007B7FDB /* CalYearWeek.m in Sources */,
				0B523EBB19E280FA0079EB25 /* ReportFilterSet.m in Sources */,
				C6B9A7CD19DD73AC00C832A1 /* Product.m in Sources */,
				0B288A9319B9EFBF00F62B63 /* Supplier.m in Sources */,
				0B9F71B319951730003AE1BE /* BaseViewController.m in Sources */,
				0BC9563E198FDABD00CD45D5 /* main.m in Sources */,
				0B288ABD19BDF06500F62B63 /* Brand.m in Sources */,
				5B65017919B0B518003F03F8 /* ProductCell.m in Sources */,
				0B288A7719B9C83600F62B63 /* BusinessReviewReportControllerViewController.m in Sources */,
				0BC956751990CF3200CD45D5 /* SidebarViewController.m in Sources */,
				0B970B69199376C9006D0358 /* LXReorderableCollectionViewFlowLayout.m in Sources */,
				0B288A8119B9E73300F62B63 /* Sync.m in Sources */,
				0B523EAF19DD5EC10079EB25 /* Merch.m in Sources */,
				C6B9A7CA19DD73AC00C832A1 /* ProductOrder.m in Sources */,
				0BC036441993B5EB00B175AD /* ReportHomeViewController.m in Sources */,
				0BC956721990CF3200CD45D5 /* CollectionListViewController.m in Sources */,
				0B288A7819B9C83600F62B63 /* Report.m in Sources */,
				C6B9A7A519DD6A1900C832A1 /* ProductsViewController.m in Sources */,
				0B288A6F19B9C80B00F62B63 /* SchDropDown.m in Sources */,
				0BC956781990F28500CD45D5 /* HomeViewController.m in Sources */,
				0B288AA219B9F74700F62B63 /* SyncStatus.m in Sources */,
				0B7630A3199E0BCD00949155 /* OrderVsIntakeReportViewController.m in Sources */,
				0B970B68199376C9006D0358 /* CollectionViewController.m in Sources */,
				C6B9A7A919DD6A4C00C832A1 /* CollectionNotesViewController.m in Sources */,
				0B92CDCA19D1C569007B7FDB /* ReportOrderVsIntake.m in Sources */,
				0B288A9019B9EFBF00F62B63 /* Material.m in Sources */,
				C6B9A7C719DD737400C832A1 /* Collection.m in Sources */,
				5B14383519ADE40800A68865 /* CollectionButton.m in Sources */,
				0B970B6A199376C9006D0358 /* PlayingCard.m in Sources */,
				0B288A7019B9C80B00F62B63 /* SchPDFView.m in Sources */,
				C6B9A7AC19DD6AB800C832A1 /* ProductButton.m in Sources */,
				C6B9A7A619DD6A1900C832A1 /* ProductViewController.m in Sources */,
				0B52FC8B19E56E0C00D1D747 /* ReportData.m in Sources */,
				0B76309C199A31F700949155 /* SchTextField.m in Sources */,
				0B288A8A19B9EFBF00F62B63 /* Colour.m in Sources */,
				0BC95669198FDE3E00CD45D5 /* SWRevealViewController.m in Sources */,
				C6B9A7D019DD73AC00C832A1 /* ProductCategory.m in Sources */,
				0B7630A619A2121700949155 /* ReportViewController.m in Sources */,
				0B7630961998DDEC00949155 /* CustomHomeViewController.m in Sources */,
				0B288A8419B9EFBF00F62B63 /* Image.m in Sources */,
				0B523EB219DD5EC20079EB25 /* Department.m in Sources */,
			);
			runOnlyForDeploymentPostprocessing = 0;
		};
		0BC9564B198FDABD00CD45D5 /* Sources */ = {
			isa = PBXSourcesBuildPhase;
			buildActionMask = 2147483647;
			files = (
				0BC9565D198FDABD00CD45D5 /* BuyersTests.m in Sources */,
			);
			runOnlyForDeploymentPostprocessing = 0;
		};
/* End PBXSourcesBuildPhase section */

/* Begin PBXTargetDependency section */
		0BC95655198FDABD00CD45D5 /* PBXTargetDependency */ = {
			isa = PBXTargetDependency;
			target = 0BC9562D198FDABD00CD45D5 /* Buyers */;
			targetProxy = 0BC95654198FDABD00CD45D5 /* PBXContainerItemProxy */;
		};
/* End PBXTargetDependency section */

/* Begin PBXVariantGroup section */
		0BC9563A198FDABD00CD45D5 /* InfoPlist.strings */ = {
			isa = PBXVariantGroup;
			children = (
				0BC9563B198FDABD00CD45D5 /* en */,
			);
			name = InfoPlist.strings;
			sourceTree = "<group>";
		};
		0BC95643198FDABD00CD45D5 /* Main.storyboard */ = {
			isa = PBXVariantGroup;
			children = (
				0BC95644198FDABD00CD45D5 /* Base */,
			);
			name = Main.storyboard;
			sourceTree = "<group>";
		};
		0BC95659198FDABD00CD45D5 /* InfoPlist.strings */ = {
			isa = PBXVariantGroup;
			children = (
				0BC9565A198FDABD00CD45D5 /* en */,
			);
			name = InfoPlist.strings;
			sourceTree = "<group>";
		};
/* End PBXVariantGroup section */

/* Begin XCBuildConfiguration section */
		0BC9565E198FDABD00CD45D5 /* Debug */ = {
			isa = XCBuildConfiguration;
			buildSettings = {
				ALWAYS_SEARCH_USER_PATHS = NO;
				CLANG_CXX_LANGUAGE_STANDARD = "gnu++0x";
				CLANG_CXX_LIBRARY = "libc++";
				CLANG_ENABLE_MODULES = YES;
				CLANG_ENABLE_OBJC_ARC = YES;
				CLANG_WARN_BOOL_CONVERSION = YES;
				CLANG_WARN_CONSTANT_CONVERSION = YES;
				CLANG_WARN_DIRECT_OBJC_ISA_USAGE = YES_ERROR;
				CLANG_WARN_EMPTY_BODY = YES;
				CLANG_WARN_ENUM_CONVERSION = YES;
				CLANG_WARN_INT_CONVERSION = YES;
				CLANG_WARN_OBJC_ROOT_CLASS = YES_ERROR;
				CLANG_WARN__DUPLICATE_METHOD_MATCH = YES;
				"CODE_SIGN_IDENTITY[sdk=iphoneos*]" = "iPhone Developer";
				COPY_PHASE_STRIP = NO;
				GCC_C_LANGUAGE_STANDARD = gnu99;
				GCC_DYNAMIC_NO_PIC = NO;
				GCC_OPTIMIZATION_LEVEL = 0;
				GCC_PREPROCESSOR_DEFINITIONS = (
					"DEBUG=1",
					"$(inherited)",
				);
				GCC_SYMBOLS_PRIVATE_EXTERN = NO;
				GCC_WARN_64_TO_32_BIT_CONVERSION = YES;
				GCC_WARN_ABOUT_RETURN_TYPE = YES_ERROR;
				GCC_WARN_UNDECLARED_SELECTOR = YES;
				GCC_WARN_UNINITIALIZED_AUTOS = YES_AGGRESSIVE;
				GCC_WARN_UNUSED_FUNCTION = YES;
				GCC_WARN_UNUSED_VARIABLE = YES;
				IPHONEOS_DEPLOYMENT_TARGET = 7.1;
				ONLY_ACTIVE_ARCH = YES;
				SDKROOT = iphoneos;
				TARGETED_DEVICE_FAMILY = 2;
			};
			name = Debug;
		};
		0BC9565F198FDABD00CD45D5 /* Release */ = {
			isa = XCBuildConfiguration;
			buildSettings = {
				ALWAYS_SEARCH_USER_PATHS = NO;
				CLANG_CXX_LANGUAGE_STANDARD = "gnu++0x";
				CLANG_CXX_LIBRARY = "libc++";
				CLANG_ENABLE_MODULES = YES;
				CLANG_ENABLE_OBJC_ARC = YES;
				CLANG_WARN_BOOL_CONVERSION = YES;
				CLANG_WARN_CONSTANT_CONVERSION = YES;
				CLANG_WARN_DIRECT_OBJC_ISA_USAGE = YES_ERROR;
				CLANG_WARN_EMPTY_BODY = YES;
				CLANG_WARN_ENUM_CONVERSION = YES;
				CLANG_WARN_INT_CONVERSION = YES;
				CLANG_WARN_OBJC_ROOT_CLASS = YES_ERROR;
				CLANG_WARN__DUPLICATE_METHOD_MATCH = YES;
				"CODE_SIGN_IDENTITY[sdk=iphoneos*]" = "iPhone Developer";
				COPY_PHASE_STRIP = YES;
				ENABLE_NS_ASSERTIONS = NO;
				GCC_C_LANGUAGE_STANDARD = gnu99;
				GCC_WARN_64_TO_32_BIT_CONVERSION = YES;
				GCC_WARN_ABOUT_RETURN_TYPE = YES_ERROR;
				GCC_WARN_UNDECLARED_SELECTOR = YES;
				GCC_WARN_UNINITIALIZED_AUTOS = YES_AGGRESSIVE;
				GCC_WARN_UNUSED_FUNCTION = YES;
				GCC_WARN_UNUSED_VARIABLE = YES;
				IPHONEOS_DEPLOYMENT_TARGET = 7.1;
				SDKROOT = iphoneos;
				TARGETED_DEVICE_FAMILY = 2;
				VALIDATE_PRODUCT = YES;
			};
			name = Release;
		};
		0BC95661198FDABD00CD45D5 /* Debug */ = {
			isa = XCBuildConfiguration;
			buildSettings = {
				ASSETCATALOG_COMPILER_APPICON_NAME = AppIcon;
				ASSETCATALOG_COMPILER_LAUNCHIMAGE_NAME = LaunchImage;
				CODE_SIGN_IDENTITY = "iPhone Developer";
				"CODE_SIGN_IDENTITY[sdk=iphoneos*]" = "iPhone Developer";
				GCC_PRECOMPILE_PREFIX_HEADER = YES;
				GCC_PREFIX_HEADER = "Buyers/Buyers-Prefix.pch";
				INFOPLIST_FILE = "Buyers/Buyers-Info.plist";
				PRODUCT_NAME = "$(TARGET_NAME)";
				PROVISIONING_PROFILE = "";
				WRAPPER_EXTENSION = app;
			};
			name = Debug;
		};
		0BC95662198FDABD00CD45D5 /* Release */ = {
			isa = XCBuildConfiguration;
			buildSettings = {
				ASSETCATALOG_COMPILER_APPICON_NAME = AppIcon;
				ASSETCATALOG_COMPILER_LAUNCHIMAGE_NAME = LaunchImage;
				CODE_SIGN_IDENTITY = "iPhone Developer";
				"CODE_SIGN_IDENTITY[sdk=iphoneos*]" = "iPhone Developer";
				GCC_PRECOMPILE_PREFIX_HEADER = YES;
				GCC_PREFIX_HEADER = "Buyers/Buyers-Prefix.pch";
				INFOPLIST_FILE = "Buyers/Buyers-Info.plist";
				PRODUCT_NAME = "$(TARGET_NAME)";
				PROVISIONING_PROFILE = "";
				WRAPPER_EXTENSION = app;
			};
			name = Release;
		};
		0BC95664198FDABD00CD45D5 /* Debug */ = {
			isa = XCBuildConfiguration;
			buildSettings = {
				BUNDLE_LOADER = "$(BUILT_PRODUCTS_DIR)/Buyers.app/Buyers";
				FRAMEWORK_SEARCH_PATHS = (
					"$(SDKROOT)/Developer/Library/Frameworks",
					"$(inherited)",
					"$(DEVELOPER_FRAMEWORKS_DIR)",
				);
				GCC_PRECOMPILE_PREFIX_HEADER = YES;
				GCC_PREFIX_HEADER = "Buyers/Buyers-Prefix.pch";
				GCC_PREPROCESSOR_DEFINITIONS = (
					"DEBUG=1",
					"$(inherited)",
				);
				INFOPLIST_FILE = "BuyersTests/BuyersTests-Info.plist";
				PRODUCT_NAME = "$(TARGET_NAME)";
				TEST_HOST = "$(BUNDLE_LOADER)";
				WRAPPER_EXTENSION = xctest;
			};
			name = Debug;
		};
		0BC95665198FDABD00CD45D5 /* Release */ = {
			isa = XCBuildConfiguration;
			buildSettings = {
				BUNDLE_LOADER = "$(BUILT_PRODUCTS_DIR)/Buyers.app/Buyers";
				FRAMEWORK_SEARCH_PATHS = (
					"$(SDKROOT)/Developer/Library/Frameworks",
					"$(inherited)",
					"$(DEVELOPER_FRAMEWORKS_DIR)",
				);
				GCC_PRECOMPILE_PREFIX_HEADER = YES;
				GCC_PREFIX_HEADER = "Buyers/Buyers-Prefix.pch";
				INFOPLIST_FILE = "BuyersTests/BuyersTests-Info.plist";
				PRODUCT_NAME = "$(TARGET_NAME)";
				TEST_HOST = "$(BUNDLE_LOADER)";
				WRAPPER_EXTENSION = xctest;
			};
			name = Release;
		};
/* End XCBuildConfiguration section */

/* Begin XCConfigurationList section */
		0BC95629198FDABD00CD45D5 /* Build configuration list for PBXProject "Buyers" */ = {
			isa = XCConfigurationList;
			buildConfigurations = (
				0BC9565E198FDABD00CD45D5 /* Debug */,
				0BC9565F198FDABD00CD45D5 /* Release */,
			);
			defaultConfigurationIsVisible = 0;
			defaultConfigurationName = Release;
		};
		0BC95660198FDABD00CD45D5 /* Build configuration list for PBXNativeTarget "Buyers" */ = {
			isa = XCConfigurationList;
			buildConfigurations = (
				0BC95661198FDABD00CD45D5 /* Debug */,
				0BC95662198FDABD00CD45D5 /* Release */,
			);
			defaultConfigurationIsVisible = 0;
			defaultConfigurationName = Release;
		};
		0BC95663198FDABD00CD45D5 /* Build configuration list for PBXNativeTarget "BuyersTests" */ = {
			isa = XCConfigurationList;
			buildConfigurations = (
				0BC95664198FDABD00CD45D5 /* Debug */,
				0BC95665198FDABD00CD45D5 /* Release */,
			);
			defaultConfigurationIsVisible = 0;
			defaultConfigurationName = Release;
		};
/* End XCConfigurationList section */

/* Begin XCVersionGroup section */
		5B35503219A49EFE0031E33C /* BuyersDataModel.xcdatamodeld */ = {
			isa = XCVersionGroup;
			children = (
				5B35503319A49EFE0031E33C /* BuyersDataModel.xcdatamodel */,
			);
			currentVersion = 5B35503319A49EFE0031E33C /* BuyersDataModel.xcdatamodel */;
			path = BuyersDataModel.xcdatamodeld;
			sourceTree = "<group>";
			versionGroupType = wrapper.xcdatamodel;
		};
/* End XCVersionGroup section */
	};
	rootObject = 0BC95626198FDABD00CD45D5 /* Project object */;
}
